// !$*UTF8*$!
{
	archiveVersion = 1;
	classes = {
	};
	objectVersion = 56;
	objects = {

/* Begin PBXBuildFile section */
		1C2D4C7E2B19702100828D16 /* FittedScrollView.swift in Sources */ = {isa = PBXBuildFile; fileRef = 1C2D4C7D2B19702100828D16 /* FittedScrollView.swift */; };
		1C6A84F12AF1A7E800266135 /* EditProfileViewModel.swift in Sources */ = {isa = PBXBuildFile; fileRef = 1C6A84F02AF1A7E800266135 /* EditProfileViewModel.swift */; };
		1C6A84F32AFF044300266135 /* HomeViewModel.swift in Sources */ = {isa = PBXBuildFile; fileRef = 1C6A84F22AFF044300266135 /* HomeViewModel.swift */; };
		1C6A84F52AFF4D9900266135 /* UserInteractions.swift in Sources */ = {isa = PBXBuildFile; fileRef = 1C6A84F42AFF4D9900266135 /* UserInteractions.swift */; };
		1C6A84F82AFFD9BE00266135 /* OtherUserProfileView.swift in Sources */ = {isa = PBXBuildFile; fileRef = 1C6A84F72AFFD9BE00266135 /* OtherUserProfileView.swift */; };
		1C6A84FB2AFFED6000266135 /* NotificationsView.swift in Sources */ = {isa = PBXBuildFile; fileRef = 1C6A84FA2AFFED6000266135 /* NotificationsView.swift */; };
		1C6A84FF2AFFFE6D00266135 /* CurrentUserViewModel.swift in Sources */ = {isa = PBXBuildFile; fileRef = 1C6A84FE2AFFFE6D00266135 /* CurrentUserViewModel.swift */; };
		1C6A85012B01ACF800266135 /* CodableImage.swift in Sources */ = {isa = PBXBuildFile; fileRef = 1C6A85002B01ACF800266135 /* CodableImage.swift */; };
		1C6A85042B01CBAA00266135 /* SwiftfulLoadingIndicators in Frameworks */ = {isa = PBXBuildFile; productRef = 1C6A85032B01CBAA00266135 /* SwiftfulLoadingIndicators */; };
		1C6A85062B0471DA00266135 /* OtherUserProfileViewModel.swift in Sources */ = {isa = PBXBuildFile; fileRef = 1C6A85052B0471DA00266135 /* OtherUserProfileViewModel.swift */; };
		1C6A85082B098E3300266135 /* TestView.swift in Sources */ = {isa = PBXBuildFile; fileRef = 1C6A85072B098E3300266135 /* TestView.swift */; };
		1C6A850A2B0A651100266135 /* NotificationsViewModel.swift in Sources */ = {isa = PBXBuildFile; fileRef = 1C6A85092B0A651100266135 /* NotificationsViewModel.swift */; };
		1C6A850C2B0AF07300266135 /* FollowListView.swift in Sources */ = {isa = PBXBuildFile; fileRef = 1C6A850B2B0AF07300266135 /* FollowListView.swift */; };
		1C6A850E2B0AF64100266135 /* FollowListViewModel.swift in Sources */ = {isa = PBXBuildFile; fileRef = 1C6A850D2B0AF64100266135 /* FollowListViewModel.swift */; };
		1C6A85122B0C4BD800266135 /* OtherFollowListView.swift in Sources */ = {isa = PBXBuildFile; fileRef = 1C6A85112B0C4BD800266135 /* OtherFollowListView.swift */; };
		1C6A85142B0C4BE400266135 /* OtherFollowListViewModel.swift in Sources */ = {isa = PBXBuildFile; fileRef = 1C6A85132B0C4BE400266135 /* OtherFollowListViewModel.swift */; };
		1C6A85162B0D9A5E00266135 /* UserFeedManager.swift in Sources */ = {isa = PBXBuildFile; fileRef = 1C6A85152B0D9A5E00266135 /* UserFeedManager.swift */; };
		1CA4C4E12AA65CB5007C1AD3 /* LogoView.swift in Sources */ = {isa = PBXBuildFile; fileRef = 1CA4C4E02AA65CB5007C1AD3 /* LogoView.swift */; };
		1CA4C4E42AA667CD007C1AD3 /* SearchView.swift in Sources */ = {isa = PBXBuildFile; fileRef = 1CA4C4E32AA667CD007C1AD3 /* SearchView.swift */; };
		1CA4C4E72AA6750E007C1AD3 /* SearchBarView.swift in Sources */ = {isa = PBXBuildFile; fileRef = 1CA4C4E62AA6750E007C1AD3 /* SearchBarView.swift */; };
		1CA4C4E92AA6792C007C1AD3 /* SearchViewModel.swift in Sources */ = {isa = PBXBuildFile; fileRef = 1CA4C4E82AA6792C007C1AD3 /* SearchViewModel.swift */; };
		1CA4C4EC2AA67CAC007C1AD3 /* BookDataService.swift in Sources */ = {isa = PBXBuildFile; fileRef = 1CA4C4EB2AA67CAC007C1AD3 /* BookDataService.swift */; };
		1CA4C4EE2AA6835F007C1AD3 /* Book.swift in Sources */ = {isa = PBXBuildFile; fileRef = 1CA4C4ED2AA6835F007C1AD3 /* Book.swift */; };
		1CA4C4F12AA6C0F3007C1AD3 /* BookView.swift in Sources */ = {isa = PBXBuildFile; fileRef = 1CA4C4F02AA6C0F3007C1AD3 /* BookView.swift */; };
		1CA4C4F32AA74BBE007C1AD3 /* TagCloudButtonView.swift in Sources */ = {isa = PBXBuildFile; fileRef = 1CA4C4F22AA74BBE007C1AD3 /* TagCloudButtonView.swift */; };
		1CA4C4F52AA74D29007C1AD3 /* TagCloudView.swift in Sources */ = {isa = PBXBuildFile; fileRef = 1CA4C4F42AA74D29007C1AD3 /* TagCloudView.swift */; };
		1CA4C4F72AA75CA1007C1AD3 /* BookActionView.swift in Sources */ = {isa = PBXBuildFile; fileRef = 1CA4C4F62AA75CA1007C1AD3 /* BookActionView.swift */; };
		1CA4C4F92AA8050A007C1AD3 /* AdaptiveSheet.swift in Sources */ = {isa = PBXBuildFile; fileRef = 1CA4C4F82AA8050A007C1AD3 /* AdaptiveSheet.swift */; };
		1CA4C4FD2AA95C91007C1AD3 /* BookUserActionManager.swift in Sources */ = {isa = PBXBuildFile; fileRef = 1CA4C4FC2AA95C91007C1AD3 /* BookUserActionManager.swift */; };
		1CA4C4FF2AAC021C007C1AD3 /* BookViewModel.swift in Sources */ = {isa = PBXBuildFile; fileRef = 1CA4C4FE2AAC021C007C1AD3 /* BookViewModel.swift */; };
		1CB1B3BF2A5B50DE009F6914 /* FirebaseFirestore in Frameworks */ = {isa = PBXBuildFile; productRef = 1CB1B3BE2A5B50DE009F6914 /* FirebaseFirestore */; };
		1CB1B3C12A5B52E3009F6914 /* ProfileSetupRootView.swift in Sources */ = {isa = PBXBuildFile; fileRef = 1CB1B3C02A5B52E3009F6914 /* ProfileSetupRootView.swift */; };
		1CB1B3C92A5B9DDB009F6914 /* CustomNavLink.swift in Sources */ = {isa = PBXBuildFile; fileRef = 1CB1B3C32A5B9DDB009F6914 /* CustomNavLink.swift */; };
		1CB1B3CA2A5B9DDB009F6914 /* CustomNavView.swift in Sources */ = {isa = PBXBuildFile; fileRef = 1CB1B3C42A5B9DDB009F6914 /* CustomNavView.swift */; };
		1CB1B3CB2A5B9DDB009F6914 /* CustomNavBarContainerView.swift in Sources */ = {isa = PBXBuildFile; fileRef = 1CB1B3C52A5B9DDB009F6914 /* CustomNavBarContainerView.swift */; };
		1CB1B3CC2A5B9DDB009F6914 /* CustomBarPreferenceKeys.swift in Sources */ = {isa = PBXBuildFile; fileRef = 1CB1B3C62A5B9DDB009F6914 /* CustomBarPreferenceKeys.swift */; };
		1CB1B3CD2A5B9DDB009F6914 /* AppNavBarView.swift in Sources */ = {isa = PBXBuildFile; fileRef = 1CB1B3C72A5B9DDB009F6914 /* AppNavBarView.swift */; };
		1CB1B3CE2A5B9DDB009F6914 /* CustomNavBarView.swift in Sources */ = {isa = PBXBuildFile; fileRef = 1CB1B3C82A5B9DDB009F6914 /* CustomNavBarView.swift */; };
		1CC81F2B2A5A20C1001D56E1 /* neetbook_iOSApp.swift in Sources */ = {isa = PBXBuildFile; fileRef = 1CC81F2A2A5A20C1001D56E1 /* neetbook_iOSApp.swift */; };
		1CC81F2D2A5A20C1001D56E1 /* ContentView.swift in Sources */ = {isa = PBXBuildFile; fileRef = 1CC81F2C2A5A20C1001D56E1 /* ContentView.swift */; };
		1CC81F2F2A5A20C2001D56E1 /* Assets.xcassets in Resources */ = {isa = PBXBuildFile; fileRef = 1CC81F2E2A5A20C2001D56E1 /* Assets.xcassets */; };
		1CC81F332A5A20C2001D56E1 /* Preview Assets.xcassets in Resources */ = {isa = PBXBuildFile; fileRef = 1CC81F322A5A20C2001D56E1 /* Preview Assets.xcassets */; };
		1CC81F3D2A5A20C2001D56E1 /* neetbook_iOSTests.swift in Sources */ = {isa = PBXBuildFile; fileRef = 1CC81F3C2A5A20C2001D56E1 /* neetbook_iOSTests.swift */; };
		1CC81F472A5A20C2001D56E1 /* neetbook_iOSUITests.swift in Sources */ = {isa = PBXBuildFile; fileRef = 1CC81F462A5A20C2001D56E1 /* neetbook_iOSUITests.swift */; };
		1CC81F492A5A20C2001D56E1 /* neetbook_iOSUITestsLaunchTests.swift in Sources */ = {isa = PBXBuildFile; fileRef = 1CC81F482A5A20C2001D56E1 /* neetbook_iOSUITestsLaunchTests.swift */; };
		1CC81F592A5A2127001D56E1 /* FirebaseAnalytics in Frameworks */ = {isa = PBXBuildFile; productRef = 1CC81F582A5A2127001D56E1 /* FirebaseAnalytics */; };
		1CC81F5B2A5A2127001D56E1 /* FirebaseAnalyticsSwift in Frameworks */ = {isa = PBXBuildFile; productRef = 1CC81F5A2A5A2127001D56E1 /* FirebaseAnalyticsSwift */; };
		1CC81F5D2A5A2127001D56E1 /* FirebaseAuth in Frameworks */ = {isa = PBXBuildFile; productRef = 1CC81F5C2A5A2127001D56E1 /* FirebaseAuth */; };
		1CC81F5F2A5A2127001D56E1 /* FirebaseAuthCombine-Community in Frameworks */ = {isa = PBXBuildFile; productRef = 1CC81F5E2A5A2127001D56E1 /* FirebaseAuthCombine-Community */; };
		1CC81F632A5A2127001D56E1 /* FirebaseFirestoreCombine-Community in Frameworks */ = {isa = PBXBuildFile; productRef = 1CC81F622A5A2127001D56E1 /* FirebaseFirestoreCombine-Community */; };
		1CC81F652A5A2127001D56E1 /* FirebaseFirestoreSwift in Frameworks */ = {isa = PBXBuildFile; productRef = 1CC81F642A5A2127001D56E1 /* FirebaseFirestoreSwift */; };
		1CC81F712A5A2244001D56E1 /* RootView.swift in Sources */ = {isa = PBXBuildFile; fileRef = 1CC81F6C2A5A2244001D56E1 /* RootView.swift */; };
		1CC81F722A5A2244001D56E1 /* AuthenticationView.swift in Sources */ = {isa = PBXBuildFile; fileRef = 1CC81F6D2A5A2244001D56E1 /* AuthenticationView.swift */; };
		1CC81F732A5A2244001D56E1 /* AuthenicationManager.swift in Sources */ = {isa = PBXBuildFile; fileRef = 1CC81F6E2A5A2244001D56E1 /* AuthenicationManager.swift */; };
		1CC81F742A5A2244001D56E1 /* SignInEmailView.swift in Sources */ = {isa = PBXBuildFile; fileRef = 1CC81F6F2A5A2244001D56E1 /* SignInEmailView.swift */; };
		1CC81F752A5A2244001D56E1 /* SettingsView.swift in Sources */ = {isa = PBXBuildFile; fileRef = 1CC81F702A5A2244001D56E1 /* SettingsView.swift */; };
		1CC81F7C2A5A2275001D56E1 /* CustomTabBarView.swift in Sources */ = {isa = PBXBuildFile; fileRef = 1CC81F782A5A2275001D56E1 /* CustomTabBarView.swift */; };
		1CC81F7D2A5A2275001D56E1 /* TabBarItem.swift in Sources */ = {isa = PBXBuildFile; fileRef = 1CC81F792A5A2275001D56E1 /* TabBarItem.swift */; };
		1CC81F7E2A5A2275001D56E1 /* CustomTabBarContainerView.swift in Sources */ = {isa = PBXBuildFile; fileRef = 1CC81F7A2A5A2275001D56E1 /* CustomTabBarContainerView.swift */; };
		1CC81F7F2A5A2275001D56E1 /* TabBarItemsPreferenceKey.swift in Sources */ = {isa = PBXBuildFile; fileRef = 1CC81F7B2A5A2275001D56E1 /* TabBarItemsPreferenceKey.swift */; };
		1CC81F832A5A22A1001D56E1 /* LibraryView.swift in Sources */ = {isa = PBXBuildFile; fileRef = 1CC81F822A5A22A1001D56E1 /* LibraryView.swift */; };
		1CC81F852A5A22A8001D56E1 /* HomeView.swift in Sources */ = {isa = PBXBuildFile; fileRef = 1CC81F842A5A22A8001D56E1 /* HomeView.swift */; };
		1CC81F882A5A24B5001D56E1 /* Color-Ext.swift in Sources */ = {isa = PBXBuildFile; fileRef = 1CC81F872A5A24B5001D56E1 /* Color-Ext.swift */; };
		1CC81F8B2A5A2A6F001D56E1 /* GoogleSignIn in Frameworks */ = {isa = PBXBuildFile; productRef = 1CC81F8A2A5A2A6F001D56E1 /* GoogleSignIn */; };
		1CC81F8D2A5A2A6F001D56E1 /* GoogleSignInSwift in Frameworks */ = {isa = PBXBuildFile; productRef = 1CC81F8C2A5A2A6F001D56E1 /* GoogleSignInSwift */; };
		1CC81F912A5A2F32001D56E1 /* Utilities.swift in Sources */ = {isa = PBXBuildFile; fileRef = 1CC81F902A5A2F32001D56E1 /* Utilities.swift */; };
		1CC81F932A5B2A9A001D56E1 /* SignInGoogleHelper.swift in Sources */ = {isa = PBXBuildFile; fileRef = 1CC81F922A5B2A9A001D56E1 /* SignInGoogleHelper.swift */; };
		1CC81F972A5B408B001D56E1 /* SettingViewModel.swift in Sources */ = {isa = PBXBuildFile; fileRef = 1CC81F962A5B408B001D56E1 /* SettingViewModel.swift */; };
		1CC81F9A2A5B40E0001D56E1 /* AuthenticationViewModel.swift in Sources */ = {isa = PBXBuildFile; fileRef = 1CC81F992A5B40E0001D56E1 /* AuthenticationViewModel.swift */; };
		1CC81F9E2A5B4147001D56E1 /* ProfileView.swift in Sources */ = {isa = PBXBuildFile; fileRef = 1CC81F9D2A5B4147001D56E1 /* ProfileView.swift */; };
		1CC81FA12A5B48FB001D56E1 /* UserManager.swift in Sources */ = {isa = PBXBuildFile; fileRef = 1CC81FA02A5B48FB001D56E1 /* UserManager.swift */; };
		1CE3A29D2AB649DE003BAD2A /* BookCommentSectionView.swift in Sources */ = {isa = PBXBuildFile; fileRef = 1CE3A29C2AB649DE003BAD2A /* BookCommentSectionView.swift */; };
		1CE3A29F2AB65667003BAD2A /* BookUserCommentManager.swift in Sources */ = {isa = PBXBuildFile; fileRef = 1CE3A29E2AB65667003BAD2A /* BookUserCommentManager.swift */; };
		1CE3A2A12AB6A069003BAD2A /* LibraryViewModel.swift in Sources */ = {isa = PBXBuildFile; fileRef = 1CE3A2A02AB6A069003BAD2A /* LibraryViewModel.swift */; };
		1CE3A2A32AB6A192003BAD2A /* BookUserManager.swift in Sources */ = {isa = PBXBuildFile; fileRef = 1CE3A2A22AB6A192003BAD2A /* BookUserManager.swift */; };
		1CE3A2A62ABA7CC0003BAD2A /* SnapToScroll in Frameworks */ = {isa = PBXBuildFile; productRef = 1CE3A2A52ABA7CC0003BAD2A /* SnapToScroll */; };
		1CE3A2A92ABA828F003BAD2A /* VisibilityTrackingScrollView in Frameworks */ = {isa = PBXBuildFile; productRef = 1CE3A2A82ABA828F003BAD2A /* VisibilityTrackingScrollView */; };
		1CE3A2AB2ABA8A47003BAD2A /* LibraryReadingView.swift in Sources */ = {isa = PBXBuildFile; fileRef = 1CE3A2AA2ABA8A47003BAD2A /* LibraryReadingView.swift */; };
		1CE3A2AD2ABBB11E003BAD2A /* SwipeTestingView.swift in Sources */ = {isa = PBXBuildFile; fileRef = 1CE3A2AC2ABBB11E003BAD2A /* SwipeTestingView.swift */; };
		1CE3A2B12AC0763D003BAD2A /* LibraryWantToReadView.swift in Sources */ = {isa = PBXBuildFile; fileRef = 1CE3A2B02AC0763D003BAD2A /* LibraryWantToReadView.swift */; };
		1CE3A2B32ACCE773003BAD2A /* RefreshableScrollView.swift in Sources */ = {isa = PBXBuildFile; fileRef = 1CE3A2B22ACCE773003BAD2A /* RefreshableScrollView.swift */; };
		1CE3A2B52ACCFE13003BAD2A /* LibraryBookListView.swift in Sources */ = {isa = PBXBuildFile; fileRef = 1CE3A2B42ACCFE13003BAD2A /* LibraryBookListView.swift */; };
		1CE3A2B72ACD0231003BAD2A /* AddToFavoritesView.swift in Sources */ = {isa = PBXBuildFile; fileRef = 1CE3A2B62ACD0231003BAD2A /* AddToFavoritesView.swift */; };
		1CE3A2B92AD4F0E4003BAD2A /* AddToFavoritesViewModel.swift in Sources */ = {isa = PBXBuildFile; fileRef = 1CE3A2B82AD4F0E4003BAD2A /* AddToFavoritesViewModel.swift */; };
		1CE3A2BB2ADCA87A003BAD2A /* String-Ext.swift in Sources */ = {isa = PBXBuildFile; fileRef = 1CE3A2BA2ADCA87A003BAD2A /* String-Ext.swift */; };
		1CE3A2BD2ADCA9A0003BAD2A /* ProfileViewModel.swift in Sources */ = {isa = PBXBuildFile; fileRef = 1CE3A2BC2ADCA9A0003BAD2A /* ProfileViewModel.swift */; };
		1CE3A2BF2AE8AB45003BAD2A /* EditProfileView.swift in Sources */ = {isa = PBXBuildFile; fileRef = 1CE3A2BE2AE8AB45003BAD2A /* EditProfileView.swift */; };
		1CEDE1BD2A89CC1B005DEDBA /* GoogleService-Info.plist in Resources */ = {isa = PBXBuildFile; fileRef = 1CEDE1BC2A89CC1B005DEDBA /* GoogleService-Info.plist */; };
		1CEDE1BF2A89D0B8005DEDBA /* SignInAppleHelper.swift in Sources */ = {isa = PBXBuildFile; fileRef = 1CEDE1BE2A89D0B8005DEDBA /* SignInAppleHelper.swift */; };
		1CEDE2122A8B298E005DEDBA /* View-Ext.swift in Sources */ = {isa = PBXBuildFile; fileRef = 1CEDE2112A8B298E005DEDBA /* View-Ext.swift */; };
		1CEDE2152A8B2A15005DEDBA /* DBUser.swift in Sources */ = {isa = PBXBuildFile; fileRef = 1CEDE2142A8B2A15005DEDBA /* DBUser.swift */; };
		1CEDE21A2A8F2841005DEDBA /* ProfileSetUpViewRootViewModel.swift in Sources */ = {isa = PBXBuildFile; fileRef = 1CEDE2192A8F2841005DEDBA /* ProfileSetUpViewRootViewModel.swift */; };
		1CEDE21C2A8F369E005DEDBA /* Helpers.swift in Sources */ = {isa = PBXBuildFile; fileRef = 1CEDE21B2A8F369E005DEDBA /* Helpers.swift */; };
		1CEDE2222A945E6F005DEDBA /* UserNameSetupView.swift in Sources */ = {isa = PBXBuildFile; fileRef = 1CEDE2212A945E6F005DEDBA /* UserNameSetupView.swift */; };
		1CEDE2242A945ED6005DEDBA /* PrivateAccountSetupView.swift in Sources */ = {isa = PBXBuildFile; fileRef = 1CEDE2232A945ED6005DEDBA /* PrivateAccountSetupView.swift */; };
		1CEDE2262A945F0D005DEDBA /* DataOfBirthView.swift in Sources */ = {isa = PBXBuildFile; fileRef = 1CEDE2252A945F0D005DEDBA /* DataOfBirthView.swift */; };
		1CEDE2282A9461B0005DEDBA /* NextButtonViewModifers.swift in Sources */ = {isa = PBXBuildFile; fileRef = 1CEDE2272A9461B0005DEDBA /* NextButtonViewModifers.swift */; };
		1CEDE22A2A95A33C005DEDBA /* ProfilePictureView.swift in Sources */ = {isa = PBXBuildFile; fileRef = 1CEDE2292A95A33C005DEDBA /* ProfilePictureView.swift */; };
		1CEDE22C2A95A78F005DEDBA /* ImagePicker.swift in Sources */ = {isa = PBXBuildFile; fileRef = 1CEDE22B2A95A78F005DEDBA /* ImagePicker.swift */; };
		1CEDE22E2A95ADAE005DEDBA /* FirebaseStorage in Frameworks */ = {isa = PBXBuildFile; productRef = 1CEDE22D2A95ADAE005DEDBA /* FirebaseStorage */; };
		1CEDE2302A9A5615005DEDBA /* SetupSelectedGenresView.swift in Sources */ = {isa = PBXBuildFile; fileRef = 1CEDE22F2A9A5615005DEDBA /* SetupSelectedGenresView.swift */; };
		1CEDE2342A9D95F6005DEDBA /* ImageMoveAndScaleSheet.swift in Sources */ = {isa = PBXBuildFile; fileRef = 1CEDE2332A9D95F6005DEDBA /* ImageMoveAndScaleSheet.swift */; };
		1CEDE2362A9D9661005DEDBA /* ImageManipulation.swift in Sources */ = {isa = PBXBuildFile; fileRef = 1CEDE2352A9D9661005DEDBA /* ImageManipulation.swift */; };
		1CEDE2382AA505BD005DEDBA /* Binding-Ext.swift in Sources */ = {isa = PBXBuildFile; fileRef = 1CEDE2372AA505BD005DEDBA /* Binding-Ext.swift */; };
		1CEDE23A2AA50712005DEDBA /* SpinnerCircle.swift in Sources */ = {isa = PBXBuildFile; fileRef = 1CEDE2392AA50712005DEDBA /* SpinnerCircle.swift */; };
		1CEDE23D2AA658F0005DEDBA /* RootViewModel.swift in Sources */ = {isa = PBXBuildFile; fileRef = 1CEDE23C2AA658F0005DEDBA /* RootViewModel.swift */; };
/* End PBXBuildFile section */

/* Begin PBXContainerItemProxy section */
		1CC81F392A5A20C2001D56E1 /* PBXContainerItemProxy */ = {
			isa = PBXContainerItemProxy;
			containerPortal = 1CC81F1F2A5A20C1001D56E1 /* Project object */;
			proxyType = 1;
			remoteGlobalIDString = 1CC81F262A5A20C1001D56E1;
			remoteInfo = "neetbook-iOS";
		};
		1CC81F432A5A20C2001D56E1 /* PBXContainerItemProxy */ = {
			isa = PBXContainerItemProxy;
			containerPortal = 1CC81F1F2A5A20C1001D56E1 /* Project object */;
			proxyType = 1;
			remoteGlobalIDString = 1CC81F262A5A20C1001D56E1;
			remoteInfo = "neetbook-iOS";
		};
/* End PBXContainerItemProxy section */

/* Begin PBXFileReference section */
		1C2D4C7D2B19702100828D16 /* FittedScrollView.swift */ = {isa = PBXFileReference; lastKnownFileType = sourcecode.swift; path = FittedScrollView.swift; sourceTree = "<group>"; };
		1C6A84F02AF1A7E800266135 /* EditProfileViewModel.swift */ = {isa = PBXFileReference; lastKnownFileType = sourcecode.swift; path = EditProfileViewModel.swift; sourceTree = "<group>"; };
		1C6A84F22AFF044300266135 /* HomeViewModel.swift */ = {isa = PBXFileReference; lastKnownFileType = sourcecode.swift; path = HomeViewModel.swift; sourceTree = "<group>"; };
		1C6A84F42AFF4D9900266135 /* UserInteractions.swift */ = {isa = PBXFileReference; lastKnownFileType = sourcecode.swift; path = UserInteractions.swift; sourceTree = "<group>"; };
		1C6A84F72AFFD9BE00266135 /* OtherUserProfileView.swift */ = {isa = PBXFileReference; lastKnownFileType = sourcecode.swift; path = OtherUserProfileView.swift; sourceTree = "<group>"; };
		1C6A84FA2AFFED6000266135 /* NotificationsView.swift */ = {isa = PBXFileReference; lastKnownFileType = sourcecode.swift; path = NotificationsView.swift; sourceTree = "<group>"; };
		1C6A84FE2AFFFE6D00266135 /* CurrentUserViewModel.swift */ = {isa = PBXFileReference; lastKnownFileType = sourcecode.swift; path = CurrentUserViewModel.swift; sourceTree = "<group>"; };
		1C6A85002B01ACF800266135 /* CodableImage.swift */ = {isa = PBXFileReference; lastKnownFileType = sourcecode.swift; path = CodableImage.swift; sourceTree = "<group>"; };
		1C6A85052B0471DA00266135 /* OtherUserProfileViewModel.swift */ = {isa = PBXFileReference; lastKnownFileType = sourcecode.swift; path = OtherUserProfileViewModel.swift; sourceTree = "<group>"; };
		1C6A85072B098E3300266135 /* TestView.swift */ = {isa = PBXFileReference; lastKnownFileType = sourcecode.swift; path = TestView.swift; sourceTree = "<group>"; };
		1C6A85092B0A651100266135 /* NotificationsViewModel.swift */ = {isa = PBXFileReference; lastKnownFileType = sourcecode.swift; path = NotificationsViewModel.swift; sourceTree = "<group>"; };
		1C6A850B2B0AF07300266135 /* FollowListView.swift */ = {isa = PBXFileReference; lastKnownFileType = sourcecode.swift; path = FollowListView.swift; sourceTree = "<group>"; };
		1C6A850D2B0AF64100266135 /* FollowListViewModel.swift */ = {isa = PBXFileReference; lastKnownFileType = sourcecode.swift; path = FollowListViewModel.swift; sourceTree = "<group>"; };
		1C6A85112B0C4BD800266135 /* OtherFollowListView.swift */ = {isa = PBXFileReference; lastKnownFileType = sourcecode.swift; path = OtherFollowListView.swift; sourceTree = "<group>"; };
		1C6A85132B0C4BE400266135 /* OtherFollowListViewModel.swift */ = {isa = PBXFileReference; lastKnownFileType = sourcecode.swift; path = OtherFollowListViewModel.swift; sourceTree = "<group>"; };
		1C6A85152B0D9A5E00266135 /* UserFeedManager.swift */ = {isa = PBXFileReference; lastKnownFileType = sourcecode.swift; path = UserFeedManager.swift; sourceTree = "<group>"; };
		1CA4C4E02AA65CB5007C1AD3 /* LogoView.swift */ = {isa = PBXFileReference; lastKnownFileType = sourcecode.swift; path = LogoView.swift; sourceTree = "<group>"; };
		1CA4C4E32AA667CD007C1AD3 /* SearchView.swift */ = {isa = PBXFileReference; lastKnownFileType = sourcecode.swift; path = SearchView.swift; sourceTree = "<group>"; };
		1CA4C4E62AA6750E007C1AD3 /* SearchBarView.swift */ = {isa = PBXFileReference; lastKnownFileType = sourcecode.swift; path = SearchBarView.swift; sourceTree = "<group>"; };
		1CA4C4E82AA6792C007C1AD3 /* SearchViewModel.swift */ = {isa = PBXFileReference; lastKnownFileType = sourcecode.swift; path = SearchViewModel.swift; sourceTree = "<group>"; };
		1CA4C4EB2AA67CAC007C1AD3 /* BookDataService.swift */ = {isa = PBXFileReference; lastKnownFileType = sourcecode.swift; path = BookDataService.swift; sourceTree = "<group>"; };
		1CA4C4ED2AA6835F007C1AD3 /* Book.swift */ = {isa = PBXFileReference; lastKnownFileType = sourcecode.swift; path = Book.swift; sourceTree = "<group>"; };
		1CA4C4F02AA6C0F3007C1AD3 /* BookView.swift */ = {isa = PBXFileReference; lastKnownFileType = sourcecode.swift; path = BookView.swift; sourceTree = "<group>"; };
		1CA4C4F22AA74BBE007C1AD3 /* TagCloudButtonView.swift */ = {isa = PBXFileReference; lastKnownFileType = sourcecode.swift; path = TagCloudButtonView.swift; sourceTree = "<group>"; };
		1CA4C4F42AA74D29007C1AD3 /* TagCloudView.swift */ = {isa = PBXFileReference; lastKnownFileType = sourcecode.swift; path = TagCloudView.swift; sourceTree = "<group>"; };
		1CA4C4F62AA75CA1007C1AD3 /* BookActionView.swift */ = {isa = PBXFileReference; lastKnownFileType = sourcecode.swift; path = BookActionView.swift; sourceTree = "<group>"; };
		1CA4C4F82AA8050A007C1AD3 /* AdaptiveSheet.swift */ = {isa = PBXFileReference; lastKnownFileType = sourcecode.swift; path = AdaptiveSheet.swift; sourceTree = "<group>"; };
		1CA4C4FC2AA95C91007C1AD3 /* BookUserActionManager.swift */ = {isa = PBXFileReference; lastKnownFileType = sourcecode.swift; path = BookUserActionManager.swift; sourceTree = "<group>"; };
		1CA4C4FE2AAC021C007C1AD3 /* BookViewModel.swift */ = {isa = PBXFileReference; lastKnownFileType = sourcecode.swift; path = BookViewModel.swift; sourceTree = "<group>"; };
		1CB1B3C02A5B52E3009F6914 /* ProfileSetupRootView.swift */ = {isa = PBXFileReference; lastKnownFileType = sourcecode.swift; path = ProfileSetupRootView.swift; sourceTree = "<group>"; };
		1CB1B3C32A5B9DDB009F6914 /* CustomNavLink.swift */ = {isa = PBXFileReference; fileEncoding = 4; lastKnownFileType = sourcecode.swift; path = CustomNavLink.swift; sourceTree = "<group>"; };
		1CB1B3C42A5B9DDB009F6914 /* CustomNavView.swift */ = {isa = PBXFileReference; fileEncoding = 4; lastKnownFileType = sourcecode.swift; path = CustomNavView.swift; sourceTree = "<group>"; };
		1CB1B3C52A5B9DDB009F6914 /* CustomNavBarContainerView.swift */ = {isa = PBXFileReference; fileEncoding = 4; lastKnownFileType = sourcecode.swift; path = CustomNavBarContainerView.swift; sourceTree = "<group>"; };
		1CB1B3C62A5B9DDB009F6914 /* CustomBarPreferenceKeys.swift */ = {isa = PBXFileReference; fileEncoding = 4; lastKnownFileType = sourcecode.swift; path = CustomBarPreferenceKeys.swift; sourceTree = "<group>"; };
		1CB1B3C72A5B9DDB009F6914 /* AppNavBarView.swift */ = {isa = PBXFileReference; fileEncoding = 4; lastKnownFileType = sourcecode.swift; path = AppNavBarView.swift; sourceTree = "<group>"; };
		1CB1B3C82A5B9DDB009F6914 /* CustomNavBarView.swift */ = {isa = PBXFileReference; fileEncoding = 4; lastKnownFileType = sourcecode.swift; path = CustomNavBarView.swift; sourceTree = "<group>"; };
		1CC81F272A5A20C1001D56E1 /* neetbook-iOS.app */ = {isa = PBXFileReference; explicitFileType = wrapper.application; includeInIndex = 0; path = "neetbook-iOS.app"; sourceTree = BUILT_PRODUCTS_DIR; };
		1CC81F2A2A5A20C1001D56E1 /* neetbook_iOSApp.swift */ = {isa = PBXFileReference; lastKnownFileType = sourcecode.swift; path = neetbook_iOSApp.swift; sourceTree = "<group>"; };
		1CC81F2C2A5A20C1001D56E1 /* ContentView.swift */ = {isa = PBXFileReference; lastKnownFileType = sourcecode.swift; path = ContentView.swift; sourceTree = "<group>"; };
		1CC81F2E2A5A20C2001D56E1 /* Assets.xcassets */ = {isa = PBXFileReference; lastKnownFileType = folder.assetcatalog; path = Assets.xcassets; sourceTree = "<group>"; };
		1CC81F302A5A20C2001D56E1 /* neetbook_iOS.entitlements */ = {isa = PBXFileReference; lastKnownFileType = text.plist.entitlements; path = neetbook_iOS.entitlements; sourceTree = "<group>"; };
		1CC81F322A5A20C2001D56E1 /* Preview Assets.xcassets */ = {isa = PBXFileReference; lastKnownFileType = folder.assetcatalog; path = "Preview Assets.xcassets"; sourceTree = "<group>"; };
		1CC81F382A5A20C2001D56E1 /* neetbook-iOSTests.xctest */ = {isa = PBXFileReference; explicitFileType = wrapper.cfbundle; includeInIndex = 0; path = "neetbook-iOSTests.xctest"; sourceTree = BUILT_PRODUCTS_DIR; };
		1CC81F3C2A5A20C2001D56E1 /* neetbook_iOSTests.swift */ = {isa = PBXFileReference; lastKnownFileType = sourcecode.swift; path = neetbook_iOSTests.swift; sourceTree = "<group>"; };
		1CC81F422A5A20C2001D56E1 /* neetbook-iOSUITests.xctest */ = {isa = PBXFileReference; explicitFileType = wrapper.cfbundle; includeInIndex = 0; path = "neetbook-iOSUITests.xctest"; sourceTree = BUILT_PRODUCTS_DIR; };
		1CC81F462A5A20C2001D56E1 /* neetbook_iOSUITests.swift */ = {isa = PBXFileReference; lastKnownFileType = sourcecode.swift; path = neetbook_iOSUITests.swift; sourceTree = "<group>"; };
		1CC81F482A5A20C2001D56E1 /* neetbook_iOSUITestsLaunchTests.swift */ = {isa = PBXFileReference; lastKnownFileType = sourcecode.swift; path = neetbook_iOSUITestsLaunchTests.swift; sourceTree = "<group>"; };
		1CC81F6C2A5A2244001D56E1 /* RootView.swift */ = {isa = PBXFileReference; fileEncoding = 4; lastKnownFileType = sourcecode.swift; path = RootView.swift; sourceTree = "<group>"; };
		1CC81F6D2A5A2244001D56E1 /* AuthenticationView.swift */ = {isa = PBXFileReference; fileEncoding = 4; lastKnownFileType = sourcecode.swift; path = AuthenticationView.swift; sourceTree = "<group>"; };
		1CC81F6E2A5A2244001D56E1 /* AuthenicationManager.swift */ = {isa = PBXFileReference; fileEncoding = 4; lastKnownFileType = sourcecode.swift; path = AuthenicationManager.swift; sourceTree = "<group>"; };
		1CC81F6F2A5A2244001D56E1 /* SignInEmailView.swift */ = {isa = PBXFileReference; fileEncoding = 4; lastKnownFileType = sourcecode.swift; path = SignInEmailView.swift; sourceTree = "<group>"; };
		1CC81F702A5A2244001D56E1 /* SettingsView.swift */ = {isa = PBXFileReference; fileEncoding = 4; lastKnownFileType = sourcecode.swift; path = SettingsView.swift; sourceTree = "<group>"; };
		1CC81F782A5A2275001D56E1 /* CustomTabBarView.swift */ = {isa = PBXFileReference; fileEncoding = 4; lastKnownFileType = sourcecode.swift; path = CustomTabBarView.swift; sourceTree = "<group>"; };
		1CC81F792A5A2275001D56E1 /* TabBarItem.swift */ = {isa = PBXFileReference; fileEncoding = 4; lastKnownFileType = sourcecode.swift; path = TabBarItem.swift; sourceTree = "<group>"; };
		1CC81F7A2A5A2275001D56E1 /* CustomTabBarContainerView.swift */ = {isa = PBXFileReference; fileEncoding = 4; lastKnownFileType = sourcecode.swift; path = CustomTabBarContainerView.swift; sourceTree = "<group>"; };
		1CC81F7B2A5A2275001D56E1 /* TabBarItemsPreferenceKey.swift */ = {isa = PBXFileReference; fileEncoding = 4; lastKnownFileType = sourcecode.swift; path = TabBarItemsPreferenceKey.swift; sourceTree = "<group>"; };
		1CC81F822A5A22A1001D56E1 /* LibraryView.swift */ = {isa = PBXFileReference; fileEncoding = 4; lastKnownFileType = sourcecode.swift; path = LibraryView.swift; sourceTree = "<group>"; };
		1CC81F842A5A22A8001D56E1 /* HomeView.swift */ = {isa = PBXFileReference; fileEncoding = 4; lastKnownFileType = sourcecode.swift; path = HomeView.swift; sourceTree = "<group>"; };
		1CC81F872A5A24B5001D56E1 /* Color-Ext.swift */ = {isa = PBXFileReference; lastKnownFileType = sourcecode.swift; path = "Color-Ext.swift"; sourceTree = "<group>"; };
		1CC81F8E2A5A2AD2001D56E1 /* Info.plist */ = {isa = PBXFileReference; lastKnownFileType = text.plist; path = Info.plist; sourceTree = "<group>"; };
		1CC81F902A5A2F32001D56E1 /* Utilities.swift */ = {isa = PBXFileReference; lastKnownFileType = sourcecode.swift; path = Utilities.swift; sourceTree = "<group>"; };
		1CC81F922A5B2A9A001D56E1 /* SignInGoogleHelper.swift */ = {isa = PBXFileReference; lastKnownFileType = sourcecode.swift; path = SignInGoogleHelper.swift; sourceTree = "<group>"; };
		1CC81F962A5B408B001D56E1 /* SettingViewModel.swift */ = {isa = PBXFileReference; lastKnownFileType = sourcecode.swift; path = SettingViewModel.swift; sourceTree = "<group>"; };
		1CC81F992A5B40E0001D56E1 /* AuthenticationViewModel.swift */ = {isa = PBXFileReference; lastKnownFileType = sourcecode.swift; path = AuthenticationViewModel.swift; sourceTree = "<group>"; };
		1CC81F9D2A5B4147001D56E1 /* ProfileView.swift */ = {isa = PBXFileReference; lastKnownFileType = sourcecode.swift; path = ProfileView.swift; sourceTree = "<group>"; };
		1CC81FA02A5B48FB001D56E1 /* UserManager.swift */ = {isa = PBXFileReference; lastKnownFileType = sourcecode.swift; path = UserManager.swift; sourceTree = "<group>"; };
		1CE3A29C2AB649DE003BAD2A /* BookCommentSectionView.swift */ = {isa = PBXFileReference; lastKnownFileType = sourcecode.swift; path = BookCommentSectionView.swift; sourceTree = "<group>"; };
		1CE3A29E2AB65667003BAD2A /* BookUserCommentManager.swift */ = {isa = PBXFileReference; lastKnownFileType = sourcecode.swift; path = BookUserCommentManager.swift; sourceTree = "<group>"; };
		1CE3A2A02AB6A069003BAD2A /* LibraryViewModel.swift */ = {isa = PBXFileReference; lastKnownFileType = sourcecode.swift; path = LibraryViewModel.swift; sourceTree = "<group>"; };
		1CE3A2A22AB6A192003BAD2A /* BookUserManager.swift */ = {isa = PBXFileReference; lastKnownFileType = sourcecode.swift; path = BookUserManager.swift; sourceTree = "<group>"; };
		1CE3A2AA2ABA8A47003BAD2A /* LibraryReadingView.swift */ = {isa = PBXFileReference; lastKnownFileType = sourcecode.swift; path = LibraryReadingView.swift; sourceTree = "<group>"; };
		1CE3A2AC2ABBB11E003BAD2A /* SwipeTestingView.swift */ = {isa = PBXFileReference; lastKnownFileType = sourcecode.swift; path = SwipeTestingView.swift; sourceTree = "<group>"; };
		1CE3A2B02AC0763D003BAD2A /* LibraryWantToReadView.swift */ = {isa = PBXFileReference; lastKnownFileType = sourcecode.swift; path = LibraryWantToReadView.swift; sourceTree = "<group>"; };
		1CE3A2B22ACCE773003BAD2A /* RefreshableScrollView.swift */ = {isa = PBXFileReference; lastKnownFileType = sourcecode.swift; path = RefreshableScrollView.swift; sourceTree = "<group>"; };
		1CE3A2B42ACCFE13003BAD2A /* LibraryBookListView.swift */ = {isa = PBXFileReference; lastKnownFileType = sourcecode.swift; path = LibraryBookListView.swift; sourceTree = "<group>"; };
		1CE3A2B62ACD0231003BAD2A /* AddToFavoritesView.swift */ = {isa = PBXFileReference; lastKnownFileType = sourcecode.swift; path = AddToFavoritesView.swift; sourceTree = "<group>"; };
		1CE3A2B82AD4F0E4003BAD2A /* AddToFavoritesViewModel.swift */ = {isa = PBXFileReference; lastKnownFileType = sourcecode.swift; path = AddToFavoritesViewModel.swift; sourceTree = "<group>"; };
		1CE3A2BA2ADCA87A003BAD2A /* String-Ext.swift */ = {isa = PBXFileReference; lastKnownFileType = sourcecode.swift; path = "String-Ext.swift"; sourceTree = "<group>"; };
		1CE3A2BC2ADCA9A0003BAD2A /* ProfileViewModel.swift */ = {isa = PBXFileReference; lastKnownFileType = sourcecode.swift; path = ProfileViewModel.swift; sourceTree = "<group>"; };
		1CE3A2BE2AE8AB45003BAD2A /* EditProfileView.swift */ = {isa = PBXFileReference; lastKnownFileType = sourcecode.swift; path = EditProfileView.swift; sourceTree = "<group>"; };
		1CEDE1BC2A89CC1B005DEDBA /* GoogleService-Info.plist */ = {isa = PBXFileReference; fileEncoding = 4; lastKnownFileType = text.plist.xml; path = "GoogleService-Info.plist"; sourceTree = "<group>"; };
		1CEDE1BE2A89D0B8005DEDBA /* SignInAppleHelper.swift */ = {isa = PBXFileReference; lastKnownFileType = sourcecode.swift; path = SignInAppleHelper.swift; sourceTree = "<group>"; };
		1CEDE2112A8B298E005DEDBA /* View-Ext.swift */ = {isa = PBXFileReference; lastKnownFileType = sourcecode.swift; path = "View-Ext.swift"; sourceTree = "<group>"; };
		1CEDE2142A8B2A15005DEDBA /* DBUser.swift */ = {isa = PBXFileReference; lastKnownFileType = sourcecode.swift; path = DBUser.swift; sourceTree = "<group>"; };
		1CEDE2192A8F2841005DEDBA /* ProfileSetUpViewRootViewModel.swift */ = {isa = PBXFileReference; lastKnownFileType = sourcecode.swift; path = ProfileSetUpViewRootViewModel.swift; sourceTree = "<group>"; };
		1CEDE21B2A8F369E005DEDBA /* Helpers.swift */ = {isa = PBXFileReference; lastKnownFileType = sourcecode.swift; path = Helpers.swift; sourceTree = "<group>"; };
		1CEDE2212A945E6F005DEDBA /* UserNameSetupView.swift */ = {isa = PBXFileReference; lastKnownFileType = sourcecode.swift; path = UserNameSetupView.swift; sourceTree = "<group>"; };
		1CEDE2232A945ED6005DEDBA /* PrivateAccountSetupView.swift */ = {isa = PBXFileReference; lastKnownFileType = sourcecode.swift; path = PrivateAccountSetupView.swift; sourceTree = "<group>"; };
		1CEDE2252A945F0D005DEDBA /* DataOfBirthView.swift */ = {isa = PBXFileReference; lastKnownFileType = sourcecode.swift; path = DataOfBirthView.swift; sourceTree = "<group>"; };
		1CEDE2272A9461B0005DEDBA /* NextButtonViewModifers.swift */ = {isa = PBXFileReference; lastKnownFileType = sourcecode.swift; path = NextButtonViewModifers.swift; sourceTree = "<group>"; };
		1CEDE2292A95A33C005DEDBA /* ProfilePictureView.swift */ = {isa = PBXFileReference; lastKnownFileType = sourcecode.swift; path = ProfilePictureView.swift; sourceTree = "<group>"; };
		1CEDE22B2A95A78F005DEDBA /* ImagePicker.swift */ = {isa = PBXFileReference; fileEncoding = 4; lastKnownFileType = sourcecode.swift; path = ImagePicker.swift; sourceTree = "<group>"; };
		1CEDE22F2A9A5615005DEDBA /* SetupSelectedGenresView.swift */ = {isa = PBXFileReference; lastKnownFileType = sourcecode.swift; path = SetupSelectedGenresView.swift; sourceTree = "<group>"; };
		1CEDE2332A9D95F6005DEDBA /* ImageMoveAndScaleSheet.swift */ = {isa = PBXFileReference; lastKnownFileType = sourcecode.swift; path = ImageMoveAndScaleSheet.swift; sourceTree = "<group>"; };
		1CEDE2352A9D9661005DEDBA /* ImageManipulation.swift */ = {isa = PBXFileReference; lastKnownFileType = sourcecode.swift; path = ImageManipulation.swift; sourceTree = "<group>"; };
		1CEDE2372AA505BD005DEDBA /* Binding-Ext.swift */ = {isa = PBXFileReference; lastKnownFileType = sourcecode.swift; path = "Binding-Ext.swift"; sourceTree = "<group>"; };
		1CEDE2392AA50712005DEDBA /* SpinnerCircle.swift */ = {isa = PBXFileReference; lastKnownFileType = sourcecode.swift; path = SpinnerCircle.swift; sourceTree = "<group>"; };
		1CEDE23C2AA658F0005DEDBA /* RootViewModel.swift */ = {isa = PBXFileReference; lastKnownFileType = sourcecode.swift; path = RootViewModel.swift; sourceTree = "<group>"; };
/* End PBXFileReference section */

/* Begin PBXFrameworksBuildPhase section */
		1CC81F242A5A20C1001D56E1 /* Frameworks */ = {
			isa = PBXFrameworksBuildPhase;
			buildActionMask = 2147483647;
			files = (
				1CC81F8D2A5A2A6F001D56E1 /* GoogleSignInSwift in Frameworks */,
				1C6A85042B01CBAA00266135 /* SwiftfulLoadingIndicators in Frameworks */,
				1CE3A2A92ABA828F003BAD2A /* VisibilityTrackingScrollView in Frameworks */,
				1CC81F5B2A5A2127001D56E1 /* FirebaseAnalyticsSwift in Frameworks */,
				1CC81F8B2A5A2A6F001D56E1 /* GoogleSignIn in Frameworks */,
				1CEDE22E2A95ADAE005DEDBA /* FirebaseStorage in Frameworks */,
				1CC81F5D2A5A2127001D56E1 /* FirebaseAuth in Frameworks */,
				1CC81F592A5A2127001D56E1 /* FirebaseAnalytics in Frameworks */,
				1CB1B3BF2A5B50DE009F6914 /* FirebaseFirestore in Frameworks */,
				1CC81F652A5A2127001D56E1 /* FirebaseFirestoreSwift in Frameworks */,
				1CC81F632A5A2127001D56E1 /* FirebaseFirestoreCombine-Community in Frameworks */,
				1CE3A2A62ABA7CC0003BAD2A /* SnapToScroll in Frameworks */,
				1CC81F5F2A5A2127001D56E1 /* FirebaseAuthCombine-Community in Frameworks */,
			);
			runOnlyForDeploymentPostprocessing = 0;
		};
		1CC81F352A5A20C2001D56E1 /* Frameworks */ = {
			isa = PBXFrameworksBuildPhase;
			buildActionMask = 2147483647;
			files = (
			);
			runOnlyForDeploymentPostprocessing = 0;
		};
		1CC81F3F2A5A20C2001D56E1 /* Frameworks */ = {
			isa = PBXFrameworksBuildPhase;
			buildActionMask = 2147483647;
			files = (
			);
			runOnlyForDeploymentPostprocessing = 0;
		};
/* End PBXFrameworksBuildPhase section */

/* Begin PBXGroup section */
		1C6A84F62AFFD99100266135 /* OtherUserProfile */ = {
			isa = PBXGroup;
			children = (
				1C6A84F72AFFD9BE00266135 /* OtherUserProfileView.swift */,
				1C6A85052B0471DA00266135 /* OtherUserProfileViewModel.swift */,
				1C6A85112B0C4BD800266135 /* OtherFollowListView.swift */,
				1C6A85132B0C4BE400266135 /* OtherFollowListViewModel.swift */,
			);
			path = OtherUserProfile;
			sourceTree = "<group>";
		};
		1C6A84F92AFFED4400266135 /* Notifications */ = {
			isa = PBXGroup;
			children = (
				1C6A84FA2AFFED6000266135 /* NotificationsView.swift */,
				1C6A85092B0A651100266135 /* NotificationsViewModel.swift */,
			);
			path = Notifications;
			sourceTree = "<group>";
		};
		1CA4C4E22AA667AF007C1AD3 /* Search */ = {
			isa = PBXGroup;
			children = (
				1CA4C4E32AA667CD007C1AD3 /* SearchView.swift */,
				1CA4C4E82AA6792C007C1AD3 /* SearchViewModel.swift */,
			);
			path = Search;
			sourceTree = "<group>";
		};
		1CA4C4E52AA674FC007C1AD3 /* Components */ = {
			isa = PBXGroup;
			children = (
				1CA4C4E62AA6750E007C1AD3 /* SearchBarView.swift */,
			);
			path = Components;
			sourceTree = "<group>";
		};
		1CA4C4EA2AA67C98007C1AD3 /* Services */ = {
			isa = PBXGroup;
			children = (
				1CA4C4EB2AA67CAC007C1AD3 /* BookDataService.swift */,
			);
			path = Services;
			sourceTree = "<group>";
		};
		1CA4C4EF2AA6C0E0007C1AD3 /* Book */ = {
			isa = PBXGroup;
			children = (
				1CA4C4F02AA6C0F3007C1AD3 /* BookView.swift */,
				1CA4C4FE2AAC021C007C1AD3 /* BookViewModel.swift */,
				1CA4C4F62AA75CA1007C1AD3 /* BookActionView.swift */,
				1CE3A29C2AB649DE003BAD2A /* BookCommentSectionView.swift */,
				1CE3A2B62ACD0231003BAD2A /* AddToFavoritesView.swift */,
				1CE3A2B82AD4F0E4003BAD2A /* AddToFavoritesViewModel.swift */,
				1C6A85072B098E3300266135 /* TestView.swift */,
			);
			path = Book;
			sourceTree = "<group>";
		};
		1CB1B3C22A5B9DBE009F6914 /* CustomNavBar */ = {
			isa = PBXGroup;
			children = (
				1CB1B3C72A5B9DDB009F6914 /* AppNavBarView.swift */,
				1CB1B3C62A5B9DDB009F6914 /* CustomBarPreferenceKeys.swift */,
				1CB1B3C52A5B9DDB009F6914 /* CustomNavBarContainerView.swift */,
				1CB1B3C82A5B9DDB009F6914 /* CustomNavBarView.swift */,
				1CB1B3C32A5B9DDB009F6914 /* CustomNavLink.swift */,
				1CB1B3C42A5B9DDB009F6914 /* CustomNavView.swift */,
			);
			path = CustomNavBar;
			sourceTree = "<group>";
		};
		1CC81F1E2A5A20C1001D56E1 = {
			isa = PBXGroup;
			children = (
				1CC81F292A5A20C1001D56E1 /* neetbook-iOS */,
				1CC81F3B2A5A20C2001D56E1 /* neetbook-iOSTests */,
				1CC81F452A5A20C2001D56E1 /* neetbook-iOSUITests */,
				1CC81F282A5A20C1001D56E1 /* Products */,
				1CC81FA22A5B4BB4001D56E1 /* Frameworks */,
			);
			sourceTree = "<group>";
		};
		1CC81F282A5A20C1001D56E1 /* Products */ = {
			isa = PBXGroup;
			children = (
				1CC81F272A5A20C1001D56E1 /* neetbook-iOS.app */,
				1CC81F382A5A20C2001D56E1 /* neetbook-iOSTests.xctest */,
				1CC81F422A5A20C2001D56E1 /* neetbook-iOSUITests.xctest */,
			);
			name = Products;
			sourceTree = "<group>";
		};
		1CC81F292A5A20C1001D56E1 /* neetbook-iOS */ = {
			isa = PBXGroup;
			children = (
				1CC81F2C2A5A20C1001D56E1 /* ContentView.swift */,
				1CEDE23B2AA50959005DEDBA /* Animiations */,
				1CEDE2132A8B2A01005DEDBA /* Models */,
				1CB1B3C22A5B9DBE009F6914 /* CustomNavBar */,
				1CC81F9F2A5B48CC001D56E1 /* Managers */,
				1CC81F942A5B4018001D56E1 /* Core */,
				1CA4C4EA2AA67C98007C1AD3 /* Services */,
				1CC81F8F2A5A2F16001D56E1 /* Utilites */,
				1CC81F862A5A2487001D56E1 /* Custom */,
				1CC81F6B2A5A2223001D56E1 /* Authentication */,
				1CC81F772A5A2266001D56E1 /* CustomTabBar */,
				1CC81F2A2A5A20C1001D56E1 /* neetbook_iOSApp.swift */,
				1CC81F8E2A5A2AD2001D56E1 /* Info.plist */,
				1CEDE1BC2A89CC1B005DEDBA /* GoogleService-Info.plist */,
				1CC81F2E2A5A20C2001D56E1 /* Assets.xcassets */,
				1CC81F302A5A20C2001D56E1 /* neetbook_iOS.entitlements */,
				1CC81F312A5A20C2001D56E1 /* Preview Content */,
			);
			path = "neetbook-iOS";
			sourceTree = "<group>";
		};
		1CC81F312A5A20C2001D56E1 /* Preview Content */ = {
			isa = PBXGroup;
			children = (
				1CC81F322A5A20C2001D56E1 /* Preview Assets.xcassets */,
			);
			path = "Preview Content";
			sourceTree = "<group>";
		};
		1CC81F3B2A5A20C2001D56E1 /* neetbook-iOSTests */ = {
			isa = PBXGroup;
			children = (
				1CC81F3C2A5A20C2001D56E1 /* neetbook_iOSTests.swift */,
			);
			path = "neetbook-iOSTests";
			sourceTree = "<group>";
		};
		1CC81F452A5A20C2001D56E1 /* neetbook-iOSUITests */ = {
			isa = PBXGroup;
			children = (
				1CC81F462A5A20C2001D56E1 /* neetbook_iOSUITests.swift */,
				1CC81F482A5A20C2001D56E1 /* neetbook_iOSUITestsLaunchTests.swift */,
			);
			path = "neetbook-iOSUITests";
			sourceTree = "<group>";
		};
		1CC81F6B2A5A2223001D56E1 /* Authentication */ = {
			isa = PBXGroup;
			children = (
				1CEDE2102A8B2954005DEDBA /* ProfileSetup */,
				1CC81F9B2A5B40F5001D56E1 /* Subviews */,
				1CC81F6D2A5A2244001D56E1 /* AuthenticationView.swift */,
				1CC81F992A5B40E0001D56E1 /* AuthenticationViewModel.swift */,
				1CEDE1BE2A89D0B8005DEDBA /* SignInAppleHelper.swift */,
				1CC81F922A5B2A9A001D56E1 /* SignInGoogleHelper.swift */,
				1CA4C4E02AA65CB5007C1AD3 /* LogoView.swift */,
			);
			path = Authentication;
			sourceTree = "<group>";
		};
		1CC81F772A5A2266001D56E1 /* CustomTabBar */ = {
			isa = PBXGroup;
			children = (
				1CC81F7A2A5A2275001D56E1 /* CustomTabBarContainerView.swift */,
				1CC81F782A5A2275001D56E1 /* CustomTabBarView.swift */,
				1CC81F792A5A2275001D56E1 /* TabBarItem.swift */,
				1CC81F7B2A5A2275001D56E1 /* TabBarItemsPreferenceKey.swift */,
			);
			path = CustomTabBar;
			sourceTree = "<group>";
		};
		1CC81F802A5A2288001D56E1 /* Library */ = {
			isa = PBXGroup;
			children = (
				1CC81F822A5A22A1001D56E1 /* LibraryView.swift */,
				1CE3A2A02AB6A069003BAD2A /* LibraryViewModel.swift */,
				1CE3A2AA2ABA8A47003BAD2A /* LibraryReadingView.swift */,
				1CE3A2AC2ABBB11E003BAD2A /* SwipeTestingView.swift */,
				1CE3A2B02AC0763D003BAD2A /* LibraryWantToReadView.swift */,
				1CE3A2B42ACCFE13003BAD2A /* LibraryBookListView.swift */,
			);
			path = Library;
			sourceTree = "<group>";
		};
		1CC81F812A5A2291001D56E1 /* Home */ = {
			isa = PBXGroup;
			children = (
				1CC81F842A5A22A8001D56E1 /* HomeView.swift */,
				1C6A84F22AFF044300266135 /* HomeViewModel.swift */,
			);
			path = Home;
			sourceTree = "<group>";
		};
		1CC81F862A5A2487001D56E1 /* Custom */ = {
			isa = PBXGroup;
			children = (
				1CC81F872A5A24B5001D56E1 /* Color-Ext.swift */,
				1CEDE2112A8B298E005DEDBA /* View-Ext.swift */,
				1CEDE2372AA505BD005DEDBA /* Binding-Ext.swift */,
				1CA4C4F42AA74D29007C1AD3 /* TagCloudView.swift */,
				1CA4C4F22AA74BBE007C1AD3 /* TagCloudButtonView.swift */,
				1CA4C4F82AA8050A007C1AD3 /* AdaptiveSheet.swift */,
				1CE3A2B22ACCE773003BAD2A /* RefreshableScrollView.swift */,
				1CE3A2BA2ADCA87A003BAD2A /* String-Ext.swift */,
				1C2D4C7D2B19702100828D16 /* FittedScrollView.swift */,
			);
			path = Custom;
			sourceTree = "<group>";
		};
		1CC81F8F2A5A2F16001D56E1 /* Utilites */ = {
			isa = PBXGroup;
			children = (
				1CC81F902A5A2F32001D56E1 /* Utilities.swift */,
				1CEDE21B2A8F369E005DEDBA /* Helpers.swift */,
				1CEDE22B2A95A78F005DEDBA /* ImagePicker.swift */,
				1CEDE2332A9D95F6005DEDBA /* ImageMoveAndScaleSheet.swift */,
				1CEDE2352A9D9661005DEDBA /* ImageManipulation.swift */,
				1C6A85002B01ACF800266135 /* CodableImage.swift */,
			);
			name = Utilites;
			sourceTree = "<group>";
		};
		1CC81F942A5B4018001D56E1 /* Core */ = {
			isa = PBXGroup;
			children = (
				1CC81F6C2A5A2244001D56E1 /* RootView.swift */,
				1CEDE23C2AA658F0005DEDBA /* RootViewModel.swift */,
				1C6A84FE2AFFFE6D00266135 /* CurrentUserViewModel.swift */,
				1CA4C4E52AA674FC007C1AD3 /* Components */,
				1CA4C4EF2AA6C0E0007C1AD3 /* Book */,
				1CA4C4E22AA667AF007C1AD3 /* Search */,
				1CC81F802A5A2288001D56E1 /* Library */,
				1C6A84F92AFFED4400266135 /* Notifications */,
				1CC81F812A5A2291001D56E1 /* Home */,
				1CC81F9C2A5B4137001D56E1 /* Profile */,
				1C6A84F62AFFD99100266135 /* OtherUserProfile */,
				1CC81F952A5B4076001D56E1 /* Settings */,
			);
			path = Core;
			sourceTree = "<group>";
		};
		1CC81F952A5B4076001D56E1 /* Settings */ = {
			isa = PBXGroup;
			children = (
				1CC81F702A5A2244001D56E1 /* SettingsView.swift */,
				1CC81F962A5B408B001D56E1 /* SettingViewModel.swift */,
			);
			path = Settings;
			sourceTree = "<group>";
		};
		1CC81F9B2A5B40F5001D56E1 /* Subviews */ = {
			isa = PBXGroup;
			children = (
				1CC81F6F2A5A2244001D56E1 /* SignInEmailView.swift */,
			);
			path = Subviews;
			sourceTree = "<group>";
		};
		1CC81F9C2A5B4137001D56E1 /* Profile */ = {
			isa = PBXGroup;
			children = (
				1CC81F9D2A5B4147001D56E1 /* ProfileView.swift */,
				1CE3A2BC2ADCA9A0003BAD2A /* ProfileViewModel.swift */,
				1CE3A2BE2AE8AB45003BAD2A /* EditProfileView.swift */,
				1C6A84F02AF1A7E800266135 /* EditProfileViewModel.swift */,
				1C6A850B2B0AF07300266135 /* FollowListView.swift */,
				1C6A850D2B0AF64100266135 /* FollowListViewModel.swift */,
			);
			path = Profile;
			sourceTree = "<group>";
		};
		1CC81F9F2A5B48CC001D56E1 /* Managers */ = {
			isa = PBXGroup;
			children = (
				1CC81F6E2A5A2244001D56E1 /* AuthenicationManager.swift */,
				1CC81FA02A5B48FB001D56E1 /* UserManager.swift */,
				1CE3A2A22AB6A192003BAD2A /* BookUserManager.swift */,
				1CA4C4FC2AA95C91007C1AD3 /* BookUserActionManager.swift */,
				1CE3A29E2AB65667003BAD2A /* BookUserCommentManager.swift */,
				1C6A84F42AFF4D9900266135 /* UserInteractions.swift */,
				1C6A85152B0D9A5E00266135 /* UserFeedManager.swift */,
			);
			path = Managers;
			sourceTree = "<group>";
		};
		1CC81FA22A5B4BB4001D56E1 /* Frameworks */ = {
			isa = PBXGroup;
			children = (
			);
			name = Frameworks;
			sourceTree = "<group>";
		};
		1CEDE2102A8B2954005DEDBA /* ProfileSetup */ = {
			isa = PBXGroup;
			children = (
				1CB1B3C02A5B52E3009F6914 /* ProfileSetupRootView.swift */,
				1CEDE2212A945E6F005DEDBA /* UserNameSetupView.swift */,
				1CEDE2232A945ED6005DEDBA /* PrivateAccountSetupView.swift */,
				1CEDE2252A945F0D005DEDBA /* DataOfBirthView.swift */,
				1CEDE2272A9461B0005DEDBA /* NextButtonViewModifers.swift */,
				1CEDE2292A95A33C005DEDBA /* ProfilePictureView.swift */,
				1CEDE22F2A9A5615005DEDBA /* SetupSelectedGenresView.swift */,
				1CEDE2192A8F2841005DEDBA /* ProfileSetUpViewRootViewModel.swift */,
			);
			path = ProfileSetup;
			sourceTree = "<group>";
		};
		1CEDE2132A8B2A01005DEDBA /* Models */ = {
			isa = PBXGroup;
			children = (
				1CEDE2142A8B2A15005DEDBA /* DBUser.swift */,
				1CA4C4ED2AA6835F007C1AD3 /* Book.swift */,
			);
			path = Models;
			sourceTree = "<group>";
		};
		1CEDE23B2AA50959005DEDBA /* Animiations */ = {
			isa = PBXGroup;
			children = (
				1CEDE2392AA50712005DEDBA /* SpinnerCircle.swift */,
			);
			path = Animiations;
			sourceTree = "<group>";
		};
/* End PBXGroup section */

/* Begin PBXNativeTarget section */
		1CC81F262A5A20C1001D56E1 /* neetbook-iOS */ = {
			isa = PBXNativeTarget;
			buildConfigurationList = 1CC81F4C2A5A20C2001D56E1 /* Build configuration list for PBXNativeTarget "neetbook-iOS" */;
			buildPhases = (
				1CC81F232A5A20C1001D56E1 /* Sources */,
				1CC81F242A5A20C1001D56E1 /* Frameworks */,
				1CC81F252A5A20C1001D56E1 /* Resources */,
			);
			buildRules = (
			);
			dependencies = (
			);
			name = "neetbook-iOS";
			packageProductDependencies = (
				1CC81F582A5A2127001D56E1 /* FirebaseAnalytics */,
				1CC81F5A2A5A2127001D56E1 /* FirebaseAnalyticsSwift */,
				1CC81F5C2A5A2127001D56E1 /* FirebaseAuth */,
				1CC81F5E2A5A2127001D56E1 /* FirebaseAuthCombine-Community */,
				1CC81F622A5A2127001D56E1 /* FirebaseFirestoreCombine-Community */,
				1CC81F642A5A2127001D56E1 /* FirebaseFirestoreSwift */,
				1CC81F8A2A5A2A6F001D56E1 /* GoogleSignIn */,
				1CC81F8C2A5A2A6F001D56E1 /* GoogleSignInSwift */,
				1CB1B3BE2A5B50DE009F6914 /* FirebaseFirestore */,
				1CEDE22D2A95ADAE005DEDBA /* FirebaseStorage */,
				1CE3A2A52ABA7CC0003BAD2A /* SnapToScroll */,
				1CE3A2A82ABA828F003BAD2A /* VisibilityTrackingScrollView */,
				1C6A85032B01CBAA00266135 /* SwiftfulLoadingIndicators */,
			);
			productName = "neetbook-iOS";
			productReference = 1CC81F272A5A20C1001D56E1 /* neetbook-iOS.app */;
			productType = "com.apple.product-type.application";
		};
		1CC81F372A5A20C2001D56E1 /* neetbook-iOSTests */ = {
			isa = PBXNativeTarget;
			buildConfigurationList = 1CC81F4F2A5A20C2001D56E1 /* Build configuration list for PBXNativeTarget "neetbook-iOSTests" */;
			buildPhases = (
				1CC81F342A5A20C2001D56E1 /* Sources */,
				1CC81F352A5A20C2001D56E1 /* Frameworks */,
				1CC81F362A5A20C2001D56E1 /* Resources */,
			);
			buildRules = (
			);
			dependencies = (
				1CC81F3A2A5A20C2001D56E1 /* PBXTargetDependency */,
			);
			name = "neetbook-iOSTests";
			productName = "neetbook-iOSTests";
			productReference = 1CC81F382A5A20C2001D56E1 /* neetbook-iOSTests.xctest */;
			productType = "com.apple.product-type.bundle.unit-test";
		};
		1CC81F412A5A20C2001D56E1 /* neetbook-iOSUITests */ = {
			isa = PBXNativeTarget;
			buildConfigurationList = 1CC81F522A5A20C2001D56E1 /* Build configuration list for PBXNativeTarget "neetbook-iOSUITests" */;
			buildPhases = (
				1CC81F3E2A5A20C2001D56E1 /* Sources */,
				1CC81F3F2A5A20C2001D56E1 /* Frameworks */,
				1CC81F402A5A20C2001D56E1 /* Resources */,
			);
			buildRules = (
			);
			dependencies = (
				1CC81F442A5A20C2001D56E1 /* PBXTargetDependency */,
			);
			name = "neetbook-iOSUITests";
			productName = "neetbook-iOSUITests";
			productReference = 1CC81F422A5A20C2001D56E1 /* neetbook-iOSUITests.xctest */;
			productType = "com.apple.product-type.bundle.ui-testing";
		};
/* End PBXNativeTarget section */

/* Begin PBXProject section */
		1CC81F1F2A5A20C1001D56E1 /* Project object */ = {
			isa = PBXProject;
			attributes = {
				BuildIndependentTargetsInParallel = 1;
				LastSwiftUpdateCheck = 1430;
				LastUpgradeCheck = 1430;
				TargetAttributes = {
					1CC81F262A5A20C1001D56E1 = {
						CreatedOnToolsVersion = 14.3.1;
					};
					1CC81F372A5A20C2001D56E1 = {
						CreatedOnToolsVersion = 14.3.1;
						TestTargetID = 1CC81F262A5A20C1001D56E1;
					};
					1CC81F412A5A20C2001D56E1 = {
						CreatedOnToolsVersion = 14.3.1;
						TestTargetID = 1CC81F262A5A20C1001D56E1;
					};
				};
			};
			buildConfigurationList = 1CC81F222A5A20C1001D56E1 /* Build configuration list for PBXProject "neetbook-iOS" */;
			compatibilityVersion = "Xcode 14.0";
			developmentRegion = en;
			hasScannedForEncodings = 0;
			knownRegions = (
				en,
				Base,
			);
			mainGroup = 1CC81F1E2A5A20C1001D56E1;
			packageReferences = (
				1CC81F572A5A2127001D56E1 /* XCRemoteSwiftPackageReference "firebase-ios-sdk" */,
				1CC81F892A5A2A6F001D56E1 /* XCRemoteSwiftPackageReference "GoogleSignIn-iOS" */,
				1CE3A2A42ABA7CC0003BAD2A /* XCRemoteSwiftPackageReference "hstack-snap-to-scroll" */,
				1CE3A2A72ABA828F003BAD2A /* XCRemoteSwiftPackageReference "VisibilityTrackingScrollView" */,
				1C6A85022B01CBAA00266135 /* XCRemoteSwiftPackageReference "SwiftfulLoadingIndicators" */,
			);
			productRefGroup = 1CC81F282A5A20C1001D56E1 /* Products */;
			projectDirPath = "";
			projectRoot = "";
			targets = (
				1CC81F262A5A20C1001D56E1 /* neetbook-iOS */,
				1CC81F372A5A20C2001D56E1 /* neetbook-iOSTests */,
				1CC81F412A5A20C2001D56E1 /* neetbook-iOSUITests */,
			);
		};
/* End PBXProject section */

/* Begin PBXResourcesBuildPhase section */
		1CC81F252A5A20C1001D56E1 /* Resources */ = {
			isa = PBXResourcesBuildPhase;
			buildActionMask = 2147483647;
			files = (
				1CC81F332A5A20C2001D56E1 /* Preview Assets.xcassets in Resources */,
				1CC81F2F2A5A20C2001D56E1 /* Assets.xcassets in Resources */,
				1CEDE1BD2A89CC1B005DEDBA /* GoogleService-Info.plist in Resources */,
			);
			runOnlyForDeploymentPostprocessing = 0;
		};
		1CC81F362A5A20C2001D56E1 /* Resources */ = {
			isa = PBXResourcesBuildPhase;
			buildActionMask = 2147483647;
			files = (
			);
			runOnlyForDeploymentPostprocessing = 0;
		};
		1CC81F402A5A20C2001D56E1 /* Resources */ = {
			isa = PBXResourcesBuildPhase;
			buildActionMask = 2147483647;
			files = (
			);
			runOnlyForDeploymentPostprocessing = 0;
		};
/* End PBXResourcesBuildPhase section */

/* Begin PBXSourcesBuildPhase section */
		1CC81F232A5A20C1001D56E1 /* Sources */ = {
			isa = PBXSourcesBuildPhase;
			buildActionMask = 2147483647;
			files = (
				1CEDE21A2A8F2841005DEDBA /* ProfileSetUpViewRootViewModel.swift in Sources */,
				1CEDE2222A945E6F005DEDBA /* UserNameSetupView.swift in Sources */,
				1CA4C4F52AA74D29007C1AD3 /* TagCloudView.swift in Sources */,
				1CEDE2262A945F0D005DEDBA /* DataOfBirthView.swift in Sources */,
				1CC81F7F2A5A2275001D56E1 /* TabBarItemsPreferenceKey.swift in Sources */,
				1C6A84F32AFF044300266135 /* HomeViewModel.swift in Sources */,
				1CC81F752A5A2244001D56E1 /* SettingsView.swift in Sources */,
				1CE3A2AB2ABA8A47003BAD2A /* LibraryReadingView.swift in Sources */,
				1C6A85122B0C4BD800266135 /* OtherFollowListView.swift in Sources */,
				1CC81F852A5A22A8001D56E1 /* HomeView.swift in Sources */,
				1CC81F912A5A2F32001D56E1 /* Utilities.swift in Sources */,
				1CE3A2B12AC0763D003BAD2A /* LibraryWantToReadView.swift in Sources */,
				1CA4C4E72AA6750E007C1AD3 /* SearchBarView.swift in Sources */,
				1CEDE2382AA505BD005DEDBA /* Binding-Ext.swift in Sources */,
				1C6A84FB2AFFED6000266135 /* NotificationsView.swift in Sources */,
				1CEDE2362A9D9661005DEDBA /* ImageManipulation.swift in Sources */,
				1CEDE22C2A95A78F005DEDBA /* ImagePicker.swift in Sources */,
				1CA4C4E12AA65CB5007C1AD3 /* LogoView.swift in Sources */,
				1CEDE1BF2A89D0B8005DEDBA /* SignInAppleHelper.swift in Sources */,
				1CC81F2D2A5A20C1001D56E1 /* ContentView.swift in Sources */,
				1C6A84F52AFF4D9900266135 /* UserInteractions.swift in Sources */,
				1CEDE22A2A95A33C005DEDBA /* ProfilePictureView.swift in Sources */,
				1C6A850E2B0AF64100266135 /* FollowListViewModel.swift in Sources */,
				1CEDE2282A9461B0005DEDBA /* NextButtonViewModifers.swift in Sources */,
				1CB1B3CB2A5B9DDB009F6914 /* CustomNavBarContainerView.swift in Sources */,
				1CC81F742A5A2244001D56E1 /* SignInEmailView.swift in Sources */,
				1CA4C4F12AA6C0F3007C1AD3 /* BookView.swift in Sources */,
				1CA4C4F32AA74BBE007C1AD3 /* TagCloudButtonView.swift in Sources */,
				1CE3A29D2AB649DE003BAD2A /* BookCommentSectionView.swift in Sources */,
				1C6A84F12AF1A7E800266135 /* EditProfileViewModel.swift in Sources */,
				1CA4C4EE2AA6835F007C1AD3 /* Book.swift in Sources */,
				1CA4C4E92AA6792C007C1AD3 /* SearchViewModel.swift in Sources */,
				1C2D4C7E2B19702100828D16 /* FittedScrollView.swift in Sources */,
				1CEDE2152A8B2A15005DEDBA /* DBUser.swift in Sources */,
				1CEDE2302A9A5615005DEDBA /* SetupSelectedGenresView.swift in Sources */,
				1CA4C4F92AA8050A007C1AD3 /* AdaptiveSheet.swift in Sources */,
				1CB1B3CA2A5B9DDB009F6914 /* CustomNavView.swift in Sources */,
				1CEDE23A2AA50712005DEDBA /* SpinnerCircle.swift in Sources */,
				1C6A85062B0471DA00266135 /* OtherUserProfileViewModel.swift in Sources */,
				1C6A85082B098E3300266135 /* TestView.swift in Sources */,
				1C6A84FF2AFFFE6D00266135 /* CurrentUserViewModel.swift in Sources */,
				1CE3A2BB2ADCA87A003BAD2A /* String-Ext.swift in Sources */,
				1CC81F9A2A5B40E0001D56E1 /* AuthenticationViewModel.swift in Sources */,
				1CB1B3CC2A5B9DDB009F6914 /* CustomBarPreferenceKeys.swift in Sources */,
				1CE3A2BD2ADCA9A0003BAD2A /* ProfileViewModel.swift in Sources */,
				1CC81F972A5B408B001D56E1 /* SettingViewModel.swift in Sources */,
				1CA4C4FD2AA95C91007C1AD3 /* BookUserActionManager.swift in Sources */,
				1CB1B3C92A5B9DDB009F6914 /* CustomNavLink.swift in Sources */,
				1CEDE2342A9D95F6005DEDBA /* ImageMoveAndScaleSheet.swift in Sources */,
				1CB1B3CE2A5B9DDB009F6914 /* CustomNavBarView.swift in Sources */,
				1C6A850C2B0AF07300266135 /* FollowListView.swift in Sources */,
				1CC81F832A5A22A1001D56E1 /* LibraryView.swift in Sources */,
				1CE3A2B92AD4F0E4003BAD2A /* AddToFavoritesViewModel.swift in Sources */,
				1CEDE2242A945ED6005DEDBA /* PrivateAccountSetupView.swift in Sources */,
				1C6A85012B01ACF800266135 /* CodableImage.swift in Sources */,
				1CA4C4EC2AA67CAC007C1AD3 /* BookDataService.swift in Sources */,
				1CC81F7D2A5A2275001D56E1 /* TabBarItem.swift in Sources */,
				1CB1B3CD2A5B9DDB009F6914 /* AppNavBarView.swift in Sources */,
				1CEDE23D2AA658F0005DEDBA /* RootViewModel.swift in Sources */,
				1CE3A2A32AB6A192003BAD2A /* BookUserManager.swift in Sources */,
				1CC81F932A5B2A9A001D56E1 /* SignInGoogleHelper.swift in Sources */,
				1CE3A2A12AB6A069003BAD2A /* LibraryViewModel.swift in Sources */,
				1CE3A2B52ACCFE13003BAD2A /* LibraryBookListView.swift in Sources */,
				1C6A850A2B0A651100266135 /* NotificationsViewModel.swift in Sources */,
				1CC81F882A5A24B5001D56E1 /* Color-Ext.swift in Sources */,
				1CB1B3C12A5B52E3009F6914 /* ProfileSetupRootView.swift in Sources */,
				1CC81F7C2A5A2275001D56E1 /* CustomTabBarView.swift in Sources */,
				1C6A85162B0D9A5E00266135 /* UserFeedManager.swift in Sources */,
				1CE3A2AD2ABBB11E003BAD2A /* SwipeTestingView.swift in Sources */,
				1C6A84F82AFFD9BE00266135 /* OtherUserProfileView.swift in Sources */,
				1CA4C4E42AA667CD007C1AD3 /* SearchView.swift in Sources */,
				1CC81F2B2A5A20C1001D56E1 /* neetbook_iOSApp.swift in Sources */,
				1CC81F732A5A2244001D56E1 /* AuthenicationManager.swift in Sources */,
				1CC81F722A5A2244001D56E1 /* AuthenticationView.swift in Sources */,
				1CE3A2BF2AE8AB45003BAD2A /* EditProfileView.swift in Sources */,
				1C6A85142B0C4BE400266135 /* OtherFollowListViewModel.swift in Sources */,
				1CE3A29F2AB65667003BAD2A /* BookUserCommentManager.swift in Sources */,
				1CEDE2122A8B298E005DEDBA /* View-Ext.swift in Sources */,
				1CEDE21C2A8F369E005DEDBA /* Helpers.swift in Sources */,
				1CC81F9E2A5B4147001D56E1 /* ProfileView.swift in Sources */,
				1CA4C4FF2AAC021C007C1AD3 /* BookViewModel.swift in Sources */,
				1CC81F712A5A2244001D56E1 /* RootView.swift in Sources */,
				1CA4C4F72AA75CA1007C1AD3 /* BookActionView.swift in Sources */,
				1CC81FA12A5B48FB001D56E1 /* UserManager.swift in Sources */,
				1CE3A2B72ACD0231003BAD2A /* AddToFavoritesView.swift in Sources */,
				1CC81F7E2A5A2275001D56E1 /* CustomTabBarContainerView.swift in Sources */,
				1CE3A2B32ACCE773003BAD2A /* RefreshableScrollView.swift in Sources */,
			);
			runOnlyForDeploymentPostprocessing = 0;
		};
		1CC81F342A5A20C2001D56E1 /* Sources */ = {
			isa = PBXSourcesBuildPhase;
			buildActionMask = 2147483647;
			files = (
				1CC81F3D2A5A20C2001D56E1 /* neetbook_iOSTests.swift in Sources */,
			);
			runOnlyForDeploymentPostprocessing = 0;
		};
		1CC81F3E2A5A20C2001D56E1 /* Sources */ = {
			isa = PBXSourcesBuildPhase;
			buildActionMask = 2147483647;
			files = (
				1CC81F472A5A20C2001D56E1 /* neetbook_iOSUITests.swift in Sources */,
				1CC81F492A5A20C2001D56E1 /* neetbook_iOSUITestsLaunchTests.swift in Sources */,
			);
			runOnlyForDeploymentPostprocessing = 0;
		};
/* End PBXSourcesBuildPhase section */

/* Begin PBXTargetDependency section */
		1CC81F3A2A5A20C2001D56E1 /* PBXTargetDependency */ = {
			isa = PBXTargetDependency;
			target = 1CC81F262A5A20C1001D56E1 /* neetbook-iOS */;
			targetProxy = 1CC81F392A5A20C2001D56E1 /* PBXContainerItemProxy */;
		};
		1CC81F442A5A20C2001D56E1 /* PBXTargetDependency */ = {
			isa = PBXTargetDependency;
			target = 1CC81F262A5A20C1001D56E1 /* neetbook-iOS */;
			targetProxy = 1CC81F432A5A20C2001D56E1 /* PBXContainerItemProxy */;
		};
/* End PBXTargetDependency section */

/* Begin XCBuildConfiguration section */
		1CC81F4A2A5A20C2001D56E1 /* Debug */ = {
			isa = XCBuildConfiguration;
			buildSettings = {
				ALWAYS_SEARCH_USER_PATHS = NO;
				CLANG_ANALYZER_NONNULL = YES;
				CLANG_ANALYZER_NUMBER_OBJECT_CONVERSION = YES_AGGRESSIVE;
				CLANG_CXX_LANGUAGE_STANDARD = "gnu++20";
				CLANG_ENABLE_MODULES = YES;
				CLANG_ENABLE_OBJC_ARC = YES;
				CLANG_ENABLE_OBJC_WEAK = YES;
				CLANG_WARN_BLOCK_CAPTURE_AUTORELEASING = YES;
				CLANG_WARN_BOOL_CONVERSION = YES;
				CLANG_WARN_COMMA = YES;
				CLANG_WARN_CONSTANT_CONVERSION = YES;
				CLANG_WARN_DEPRECATED_OBJC_IMPLEMENTATIONS = YES;
				CLANG_WARN_DIRECT_OBJC_ISA_USAGE = YES_ERROR;
				CLANG_WARN_DOCUMENTATION_COMMENTS = YES;
				CLANG_WARN_EMPTY_BODY = YES;
				CLANG_WARN_ENUM_CONVERSION = YES;
				CLANG_WARN_INFINITE_RECURSION = YES;
				CLANG_WARN_INT_CONVERSION = YES;
				CLANG_WARN_NON_LITERAL_NULL_CONVERSION = YES;
				CLANG_WARN_OBJC_IMPLICIT_RETAIN_SELF = YES;
				CLANG_WARN_OBJC_LITERAL_CONVERSION = YES;
				CLANG_WARN_OBJC_ROOT_CLASS = YES_ERROR;
				CLANG_WARN_QUOTED_INCLUDE_IN_FRAMEWORK_HEADER = YES;
				CLANG_WARN_RANGE_LOOP_ANALYSIS = YES;
				CLANG_WARN_STRICT_PROTOTYPES = YES;
				CLANG_WARN_SUSPICIOUS_MOVE = YES;
				CLANG_WARN_UNGUARDED_AVAILABILITY = YES_AGGRESSIVE;
				CLANG_WARN_UNREACHABLE_CODE = YES;
				CLANG_WARN__DUPLICATE_METHOD_MATCH = YES;
				COPY_PHASE_STRIP = NO;
				DEBUG_INFORMATION_FORMAT = dwarf;
				ENABLE_STRICT_OBJC_MSGSEND = YES;
				ENABLE_TESTABILITY = YES;
				GCC_C_LANGUAGE_STANDARD = gnu11;
				GCC_DYNAMIC_NO_PIC = NO;
				GCC_NO_COMMON_BLOCKS = YES;
				GCC_OPTIMIZATION_LEVEL = 0;
				GCC_PREPROCESSOR_DEFINITIONS = (
					"DEBUG=1",
					"$(inherited)",
				);
				GCC_WARN_64_TO_32_BIT_CONVERSION = YES;
				GCC_WARN_ABOUT_RETURN_TYPE = YES_ERROR;
				GCC_WARN_UNDECLARED_SELECTOR = YES;
				GCC_WARN_UNINITIALIZED_AUTOS = YES_AGGRESSIVE;
				GCC_WARN_UNUSED_FUNCTION = YES;
				GCC_WARN_UNUSED_VARIABLE = YES;
				MTL_ENABLE_DEBUG_INFO = INCLUDE_SOURCE;
				MTL_FAST_MATH = YES;
				ONLY_ACTIVE_ARCH = YES;
				SWIFT_ACTIVE_COMPILATION_CONDITIONS = DEBUG;
				SWIFT_OPTIMIZATION_LEVEL = "-Onone";
			};
			name = Debug;
		};
		1CC81F4B2A5A20C2001D56E1 /* Release */ = {
			isa = XCBuildConfiguration;
			buildSettings = {
				ALWAYS_SEARCH_USER_PATHS = NO;
				CLANG_ANALYZER_NONNULL = YES;
				CLANG_ANALYZER_NUMBER_OBJECT_CONVERSION = YES_AGGRESSIVE;
				CLANG_CXX_LANGUAGE_STANDARD = "gnu++20";
				CLANG_ENABLE_MODULES = YES;
				CLANG_ENABLE_OBJC_ARC = YES;
				CLANG_ENABLE_OBJC_WEAK = YES;
				CLANG_WARN_BLOCK_CAPTURE_AUTORELEASING = YES;
				CLANG_WARN_BOOL_CONVERSION = YES;
				CLANG_WARN_COMMA = YES;
				CLANG_WARN_CONSTANT_CONVERSION = YES;
				CLANG_WARN_DEPRECATED_OBJC_IMPLEMENTATIONS = YES;
				CLANG_WARN_DIRECT_OBJC_ISA_USAGE = YES_ERROR;
				CLANG_WARN_DOCUMENTATION_COMMENTS = YES;
				CLANG_WARN_EMPTY_BODY = YES;
				CLANG_WARN_ENUM_CONVERSION = YES;
				CLANG_WARN_INFINITE_RECURSION = YES;
				CLANG_WARN_INT_CONVERSION = YES;
				CLANG_WARN_NON_LITERAL_NULL_CONVERSION = YES;
				CLANG_WARN_OBJC_IMPLICIT_RETAIN_SELF = YES;
				CLANG_WARN_OBJC_LITERAL_CONVERSION = YES;
				CLANG_WARN_OBJC_ROOT_CLASS = YES_ERROR;
				CLANG_WARN_QUOTED_INCLUDE_IN_FRAMEWORK_HEADER = YES;
				CLANG_WARN_RANGE_LOOP_ANALYSIS = YES;
				CLANG_WARN_STRICT_PROTOTYPES = YES;
				CLANG_WARN_SUSPICIOUS_MOVE = YES;
				CLANG_WARN_UNGUARDED_AVAILABILITY = YES_AGGRESSIVE;
				CLANG_WARN_UNREACHABLE_CODE = YES;
				CLANG_WARN__DUPLICATE_METHOD_MATCH = YES;
				COPY_PHASE_STRIP = NO;
				DEBUG_INFORMATION_FORMAT = "dwarf-with-dsym";
				ENABLE_NS_ASSERTIONS = NO;
				ENABLE_STRICT_OBJC_MSGSEND = YES;
				GCC_C_LANGUAGE_STANDARD = gnu11;
				GCC_NO_COMMON_BLOCKS = YES;
				GCC_WARN_64_TO_32_BIT_CONVERSION = YES;
				GCC_WARN_ABOUT_RETURN_TYPE = YES_ERROR;
				GCC_WARN_UNDECLARED_SELECTOR = YES;
				GCC_WARN_UNINITIALIZED_AUTOS = YES_AGGRESSIVE;
				GCC_WARN_UNUSED_FUNCTION = YES;
				GCC_WARN_UNUSED_VARIABLE = YES;
				MTL_ENABLE_DEBUG_INFO = NO;
				MTL_FAST_MATH = YES;
				SWIFT_COMPILATION_MODE = wholemodule;
				SWIFT_OPTIMIZATION_LEVEL = "-O";
			};
			name = Release;
		};
		1CC81F4D2A5A20C2001D56E1 /* Debug */ = {
			isa = XCBuildConfiguration;
			buildSettings = {
				ASSETCATALOG_COMPILER_APPICON_NAME = AppIcon;
				ASSETCATALOG_COMPILER_GLOBAL_ACCENT_COLOR_NAME = AccentColor;
				CODE_SIGN_ENTITLEMENTS = "neetbook-iOS/neetbook_iOS.entitlements";
				CODE_SIGN_STYLE = Automatic;
				CURRENT_PROJECT_VERSION = 1;
				DEVELOPMENT_ASSET_PATHS = "\"neetbook-iOS/Preview Content\"";
				DEVELOPMENT_TEAM = GAQT8HYM7F;
				ENABLE_HARDENED_RUNTIME = YES;
				ENABLE_PREVIEWS = YES;
				GENERATE_INFOPLIST_FILE = YES;
				INFOPLIST_FILE = "neetbook-iOS/Info.plist";
				"INFOPLIST_KEY_UIApplicationSceneManifest_Generation[sdk=iphoneos*]" = YES;
				"INFOPLIST_KEY_UIApplicationSceneManifest_Generation[sdk=iphonesimulator*]" = YES;
				"INFOPLIST_KEY_UIApplicationSupportsIndirectInputEvents[sdk=iphoneos*]" = YES;
				"INFOPLIST_KEY_UIApplicationSupportsIndirectInputEvents[sdk=iphonesimulator*]" = YES;
				"INFOPLIST_KEY_UILaunchScreen_Generation[sdk=iphoneos*]" = YES;
				"INFOPLIST_KEY_UILaunchScreen_Generation[sdk=iphonesimulator*]" = YES;
				"INFOPLIST_KEY_UIStatusBarStyle[sdk=iphoneos*]" = UIStatusBarStyleDefault;
				"INFOPLIST_KEY_UIStatusBarStyle[sdk=iphonesimulator*]" = UIStatusBarStyleDefault;
				INFOPLIST_KEY_UISupportedInterfaceOrientations_iPad = "UIInterfaceOrientationPortrait UIInterfaceOrientationPortraitUpsideDown UIInterfaceOrientationLandscapeLeft UIInterfaceOrientationLandscapeRight";
				INFOPLIST_KEY_UISupportedInterfaceOrientations_iPhone = "UIInterfaceOrientationPortrait UIInterfaceOrientationLandscapeLeft UIInterfaceOrientationLandscapeRight";
				IPHONEOS_DEPLOYMENT_TARGET = 16.0;
				LD_RUNPATH_SEARCH_PATHS = "@executable_path/Frameworks";
				"LD_RUNPATH_SEARCH_PATHS[sdk=macosx*]" = "@executable_path/../Frameworks";
				MACOSX_DEPLOYMENT_TARGET = 13.3;
				MARKETING_VERSION = 1.0;
				PRODUCT_BUNDLE_IDENTIFIER = "com.kuma.neetbook-iOS";
				PRODUCT_NAME = "$(TARGET_NAME)";
				SDKROOT = auto;
				SUPPORTED_PLATFORMS = "iphoneos iphonesimulator macosx";
				SWIFT_EMIT_LOC_STRINGS = YES;
				SWIFT_VERSION = 5.0;
				TARGETED_DEVICE_FAMILY = "1,2";
			};
			name = Debug;
		};
		1CC81F4E2A5A20C2001D56E1 /* Release */ = {
			isa = XCBuildConfiguration;
			buildSettings = {
				ASSETCATALOG_COMPILER_APPICON_NAME = AppIcon;
				ASSETCATALOG_COMPILER_GLOBAL_ACCENT_COLOR_NAME = AccentColor;
				CODE_SIGN_ENTITLEMENTS = "neetbook-iOS/neetbook_iOS.entitlements";
				CODE_SIGN_STYLE = Automatic;
				CURRENT_PROJECT_VERSION = 1;
				DEVELOPMENT_ASSET_PATHS = "\"neetbook-iOS/Preview Content\"";
				DEVELOPMENT_TEAM = GAQT8HYM7F;
				ENABLE_HARDENED_RUNTIME = YES;
				ENABLE_PREVIEWS = YES;
				GENERATE_INFOPLIST_FILE = YES;
				INFOPLIST_FILE = "neetbook-iOS/Info.plist";
				"INFOPLIST_KEY_UIApplicationSceneManifest_Generation[sdk=iphoneos*]" = YES;
				"INFOPLIST_KEY_UIApplicationSceneManifest_Generation[sdk=iphonesimulator*]" = YES;
				"INFOPLIST_KEY_UIApplicationSupportsIndirectInputEvents[sdk=iphoneos*]" = YES;
				"INFOPLIST_KEY_UIApplicationSupportsIndirectInputEvents[sdk=iphonesimulator*]" = YES;
				"INFOPLIST_KEY_UILaunchScreen_Generation[sdk=iphoneos*]" = YES;
				"INFOPLIST_KEY_UILaunchScreen_Generation[sdk=iphonesimulator*]" = YES;
				"INFOPLIST_KEY_UIStatusBarStyle[sdk=iphoneos*]" = UIStatusBarStyleDefault;
				"INFOPLIST_KEY_UIStatusBarStyle[sdk=iphonesimulator*]" = UIStatusBarStyleDefault;
				INFOPLIST_KEY_UISupportedInterfaceOrientations_iPad = "UIInterfaceOrientationPortrait UIInterfaceOrientationPortraitUpsideDown UIInterfaceOrientationLandscapeLeft UIInterfaceOrientationLandscapeRight";
				INFOPLIST_KEY_UISupportedInterfaceOrientations_iPhone = "UIInterfaceOrientationPortrait UIInterfaceOrientationLandscapeLeft UIInterfaceOrientationLandscapeRight";
				IPHONEOS_DEPLOYMENT_TARGET = 16.0;
				LD_RUNPATH_SEARCH_PATHS = "@executable_path/Frameworks";
				"LD_RUNPATH_SEARCH_PATHS[sdk=macosx*]" = "@executable_path/../Frameworks";
				MACOSX_DEPLOYMENT_TARGET = 13.3;
				MARKETING_VERSION = 1.0;
				PRODUCT_BUNDLE_IDENTIFIER = "com.kuma.neetbook-iOS";
				PRODUCT_NAME = "$(TARGET_NAME)";
				SDKROOT = auto;
				SUPPORTED_PLATFORMS = "iphoneos iphonesimulator macosx";
				SWIFT_EMIT_LOC_STRINGS = YES;
				SWIFT_VERSION = 5.0;
				TARGETED_DEVICE_FAMILY = "1,2";
			};
			name = Release;
		};
		1CC81F502A5A20C2001D56E1 /* Debug */ = {
			isa = XCBuildConfiguration;
			buildSettings = {
				ALWAYS_EMBED_SWIFT_STANDARD_LIBRARIES = YES;
				BUNDLE_LOADER = "$(TEST_HOST)";
				CODE_SIGN_STYLE = Automatic;
				CURRENT_PROJECT_VERSION = 1;
				DEVELOPMENT_TEAM = GAQT8HYM7F;
				GENERATE_INFOPLIST_FILE = YES;
				IPHONEOS_DEPLOYMENT_TARGET = 16.4;
				MACOSX_DEPLOYMENT_TARGET = 13.3;
				MARKETING_VERSION = 1.0;
				PRODUCT_BUNDLE_IDENTIFIER = "kuma.neetbook-iOSTests";
				PRODUCT_NAME = "$(TARGET_NAME)";
				SDKROOT = auto;
				SUPPORTED_PLATFORMS = "iphoneos iphonesimulator macosx";
				SWIFT_EMIT_LOC_STRINGS = NO;
				SWIFT_VERSION = 5.0;
				TARGETED_DEVICE_FAMILY = "1,2";
				TEST_HOST = "$(BUILT_PRODUCTS_DIR)/neetbook-iOS.app/$(BUNDLE_EXECUTABLE_FOLDER_PATH)/neetbook-iOS";
			};
			name = Debug;
		};
		1CC81F512A5A20C2001D56E1 /* Release */ = {
			isa = XCBuildConfiguration;
			buildSettings = {
				ALWAYS_EMBED_SWIFT_STANDARD_LIBRARIES = YES;
				BUNDLE_LOADER = "$(TEST_HOST)";
				CODE_SIGN_STYLE = Automatic;
				CURRENT_PROJECT_VERSION = 1;
				DEVELOPMENT_TEAM = GAQT8HYM7F;
				GENERATE_INFOPLIST_FILE = YES;
				IPHONEOS_DEPLOYMENT_TARGET = 16.4;
				MACOSX_DEPLOYMENT_TARGET = 13.3;
				MARKETING_VERSION = 1.0;
				PRODUCT_BUNDLE_IDENTIFIER = "kuma.neetbook-iOSTests";
				PRODUCT_NAME = "$(TARGET_NAME)";
				SDKROOT = auto;
				SUPPORTED_PLATFORMS = "iphoneos iphonesimulator macosx";
				SWIFT_EMIT_LOC_STRINGS = NO;
				SWIFT_VERSION = 5.0;
				TARGETED_DEVICE_FAMILY = "1,2";
				TEST_HOST = "$(BUILT_PRODUCTS_DIR)/neetbook-iOS.app/$(BUNDLE_EXECUTABLE_FOLDER_PATH)/neetbook-iOS";
			};
			name = Release;
		};
		1CC81F532A5A20C2001D56E1 /* Debug */ = {
			isa = XCBuildConfiguration;
			buildSettings = {
				ALWAYS_EMBED_SWIFT_STANDARD_LIBRARIES = YES;
				CODE_SIGN_STYLE = Automatic;
				CURRENT_PROJECT_VERSION = 1;
				DEVELOPMENT_TEAM = GAQT8HYM7F;
				GENERATE_INFOPLIST_FILE = YES;
				IPHONEOS_DEPLOYMENT_TARGET = 16.4;
				MACOSX_DEPLOYMENT_TARGET = 13.3;
				MARKETING_VERSION = 1.0;
				PRODUCT_BUNDLE_IDENTIFIER = "kuma.neetbook-iOSUITests";
				PRODUCT_NAME = "$(TARGET_NAME)";
				SDKROOT = auto;
				SUPPORTED_PLATFORMS = "iphoneos iphonesimulator macosx";
				SWIFT_EMIT_LOC_STRINGS = NO;
				SWIFT_VERSION = 5.0;
				TARGETED_DEVICE_FAMILY = "1,2";
				TEST_TARGET_NAME = "neetbook-iOS";
			};
			name = Debug;
		};
		1CC81F542A5A20C2001D56E1 /* Release */ = {
			isa = XCBuildConfiguration;
			buildSettings = {
				ALWAYS_EMBED_SWIFT_STANDARD_LIBRARIES = YES;
				CODE_SIGN_STYLE = Automatic;
				CURRENT_PROJECT_VERSION = 1;
				DEVELOPMENT_TEAM = GAQT8HYM7F;
				GENERATE_INFOPLIST_FILE = YES;
				IPHONEOS_DEPLOYMENT_TARGET = 16.4;
				MACOSX_DEPLOYMENT_TARGET = 13.3;
				MARKETING_VERSION = 1.0;
				PRODUCT_BUNDLE_IDENTIFIER = "kuma.neetbook-iOSUITests";
				PRODUCT_NAME = "$(TARGET_NAME)";
				SDKROOT = auto;
				SUPPORTED_PLATFORMS = "iphoneos iphonesimulator macosx";
				SWIFT_EMIT_LOC_STRINGS = NO;
				SWIFT_VERSION = 5.0;
				TARGETED_DEVICE_FAMILY = "1,2";
				TEST_TARGET_NAME = "neetbook-iOS";
			};
			name = Release;
		};
/* End XCBuildConfiguration section */

/* Begin XCConfigurationList section */
		1CC81F222A5A20C1001D56E1 /* Build configuration list for PBXProject "neetbook-iOS" */ = {
			isa = XCConfigurationList;
			buildConfigurations = (
				1CC81F4A2A5A20C2001D56E1 /* Debug */,
				1CC81F4B2A5A20C2001D56E1 /* Release */,
			);
			defaultConfigurationIsVisible = 0;
			defaultConfigurationName = Release;
		};
		1CC81F4C2A5A20C2001D56E1 /* Build configuration list for PBXNativeTarget "neetbook-iOS" */ = {
			isa = XCConfigurationList;
			buildConfigurations = (
				1CC81F4D2A5A20C2001D56E1 /* Debug */,
				1CC81F4E2A5A20C2001D56E1 /* Release */,
			);
			defaultConfigurationIsVisible = 0;
			defaultConfigurationName = Release;
		};
		1CC81F4F2A5A20C2001D56E1 /* Build configuration list for PBXNativeTarget "neetbook-iOSTests" */ = {
			isa = XCConfigurationList;
			buildConfigurations = (
				1CC81F502A5A20C2001D56E1 /* Debug */,
				1CC81F512A5A20C2001D56E1 /* Release */,
			);
			defaultConfigurationIsVisible = 0;
			defaultConfigurationName = Release;
		};
		1CC81F522A5A20C2001D56E1 /* Build configuration list for PBXNativeTarget "neetbook-iOSUITests" */ = {
			isa = XCConfigurationList;
			buildConfigurations = (
				1CC81F532A5A20C2001D56E1 /* Debug */,
				1CC81F542A5A20C2001D56E1 /* Release */,
			);
			defaultConfigurationIsVisible = 0;
			defaultConfigurationName = Release;
		};
/* End XCConfigurationList section */

/* Begin XCRemoteSwiftPackageReference section */
		1C6A85022B01CBAA00266135 /* XCRemoteSwiftPackageReference "SwiftfulLoadingIndicators" */ = {
			isa = XCRemoteSwiftPackageReference;
			repositoryURL = "https://github.com/SwiftfulThinking/SwiftfulLoadingIndicators.git";
			requirement = {
				kind = upToNextMajorVersion;
				minimumVersion = 0.0.4;
			};
		};
		1CC81F572A5A2127001D56E1 /* XCRemoteSwiftPackageReference "firebase-ios-sdk" */ = {
			isa = XCRemoteSwiftPackageReference;
			repositoryURL = "https://github.com/firebase/firebase-ios-sdk";
			requirement = {
				kind = upToNextMajorVersion;
				minimumVersion = 10.0.0;
			};
		};
		1CC81F892A5A2A6F001D56E1 /* XCRemoteSwiftPackageReference "GoogleSignIn-iOS" */ = {
			isa = XCRemoteSwiftPackageReference;
			repositoryURL = "https://github.com/google/GoogleSignIn-iOS.git";
			requirement = {
				kind = upToNextMajorVersion;
				minimumVersion = 7.0.0;
			};
		};
		1CE3A2A42ABA7CC0003BAD2A /* XCRemoteSwiftPackageReference "hstack-snap-to-scroll" */ = {
			isa = XCRemoteSwiftPackageReference;
			repositoryURL = "https://github.com/swiftui-library/hstack-snap-to-scroll.git";
			requirement = {
				kind = upToNextMajorVersion;
				minimumVersion = 1.0.0;
			};
		};
		1CE3A2A72ABA828F003BAD2A /* XCRemoteSwiftPackageReference "VisibilityTrackingScrollView" */ = {
			isa = XCRemoteSwiftPackageReference;
			repositoryURL = "https://github.com/elegantchaos/VisibilityTrackingScrollView.git";
			requirement = {
				branch = main;
				kind = branch;
			};
		};
/* End XCRemoteSwiftPackageReference section */

/* Begin XCSwiftPackageProductDependency section */
		1C6A85032B01CBAA00266135 /* SwiftfulLoadingIndicators */ = {
			isa = XCSwiftPackageProductDependency;
			package = 1C6A85022B01CBAA00266135 /* XCRemoteSwiftPackageReference "SwiftfulLoadingIndicators" */;
			productName = SwiftfulLoadingIndicators;
		};
		1CB1B3BE2A5B50DE009F6914 /* FirebaseFirestore */ = {
			isa = XCSwiftPackageProductDependency;
			package = 1CC81F572A5A2127001D56E1 /* XCRemoteSwiftPackageReference "firebase-ios-sdk" */;
			productName = FirebaseFirestore;
		};
		1CC81F582A5A2127001D56E1 /* FirebaseAnalytics */ = {
			isa = XCSwiftPackageProductDependency;
			package = 1CC81F572A5A2127001D56E1 /* XCRemoteSwiftPackageReference "firebase-ios-sdk" */;
			productName = FirebaseAnalytics;
		};
		1CC81F5A2A5A2127001D56E1 /* FirebaseAnalyticsSwift */ = {
			isa = XCSwiftPackageProductDependency;
			package = 1CC81F572A5A2127001D56E1 /* XCRemoteSwiftPackageReference "firebase-ios-sdk" */;
			productName = FirebaseAnalyticsSwift;
		};
		1CC81F5C2A5A2127001D56E1 /* FirebaseAuth */ = {
			isa = XCSwiftPackageProductDependency;
			package = 1CC81F572A5A2127001D56E1 /* XCRemoteSwiftPackageReference "firebase-ios-sdk" */;
			productName = FirebaseAuth;
		};
		1CC81F5E2A5A2127001D56E1 /* FirebaseAuthCombine-Community */ = {
			isa = XCSwiftPackageProductDependency;
			package = 1CC81F572A5A2127001D56E1 /* XCRemoteSwiftPackageReference "firebase-ios-sdk" */;
			productName = "FirebaseAuthCombine-Community";
		};
		1CC81F622A5A2127001D56E1 /* FirebaseFirestoreCombine-Community */ = {
			isa = XCSwiftPackageProductDependency;
			package = 1CC81F572A5A2127001D56E1 /* XCRemoteSwiftPackageReference "firebase-ios-sdk" */;
			productName = "FirebaseFirestoreCombine-Community";
		};
		1CC81F642A5A2127001D56E1 /* FirebaseFirestoreSwift */ = {
			isa = XCSwiftPackageProductDependency;
			package = 1CC81F572A5A2127001D56E1 /* XCRemoteSwiftPackageReference "firebase-ios-sdk" */;
			productName = FirebaseFirestoreSwift;
		};
		1CC81F8A2A5A2A6F001D56E1 /* GoogleSignIn */ = {
			isa = XCSwiftPackageProductDependency;
			package = 1CC81F892A5A2A6F001D56E1 /* XCRemoteSwiftPackageReference "GoogleSignIn-iOS" */;
			productName = GoogleSignIn;
		};
		1CC81F8C2A5A2A6F001D56E1 /* GoogleSignInSwift */ = {
			isa = XCSwiftPackageProductDependency;
			package = 1CC81F892A5A2A6F001D56E1 /* XCRemoteSwiftPackageReference "GoogleSignIn-iOS" */;
			productName = GoogleSignInSwift;
		};
		1CE3A2A52ABA7CC0003BAD2A /* SnapToScroll */ = {
			isa = XCSwiftPackageProductDependency;
			package = 1CE3A2A42ABA7CC0003BAD2A /* XCRemoteSwiftPackageReference "hstack-snap-to-scroll" */;
			productName = SnapToScroll;
		};
		1CE3A2A82ABA828F003BAD2A /* VisibilityTrackingScrollView */ = {
			isa = XCSwiftPackageProductDependency;
			package = 1CE3A2A72ABA828F003BAD2A /* XCRemoteSwiftPackageReference "VisibilityTrackingScrollView" */;
			productName = VisibilityTrackingScrollView;
		};
		1CEDE22D2A95ADAE005DEDBA /* FirebaseStorage */ = {
			isa = XCSwiftPackageProductDependency;
			package = 1CC81F572A5A2127001D56E1 /* XCRemoteSwiftPackageReference "firebase-ios-sdk" */;
			productName = FirebaseStorage;
		};
/* End XCSwiftPackageProductDependency section */
	};
	rootObject = 1CC81F1F2A5A20C1001D56E1 /* Project object */;
}
